install_repository_dependencies: true
install_resolver_dependencies: true
install_tool_dependencies: false
tools:
- name: astropy_fitsinfo
  owner: astroteam
  revisions:
  - 2e19f9c23925
  - be9ce7d4ccbf
  tool_panel_section_label: Astronomy
- name: astropy_fits2csv
  owner: astroteam
  revisions:
  - 01fbfdf7d10f
  - 59311d1525e1
  tool_panel_section_label: Astronomy
- name: astropy_fits2bitmap
  owner: astroteam
  revisions:
  - c780d644a93a
  - cf608e2b1436
  tool_panel_section_label: Astronomy
- name: astronomical_archives
  owner: astroteam
  revisions:
  - 0ddfc343f9f9
  - 667fc28d803c
  - 7398ea3d9ac4
  tool_panel_section_label: Astronomy
- name: sgwb_astro_tool
  owner: astroteam
  revisions:
  - c9fc89ee996e
  tool_panel_section_label: Astronomy
- name: hess_astro_tool
  owner: astroteam
  revisions:
  - 593c4b45eda5
  tool_panel_section_label: Astronomy
- name: cta_astro_tool
  owner: astroteam
  revisions:
  - 2f3e314c3dfa
  tool_panel_section_label: Astronomy
