install_repository_dependencies: true
install_resolver_dependencies: true
install_tool_dependencies: false
tools:
- name: ribo_tools
  owner: rlegendre
  revisions:
  - 01b945ba3697
  tool_shed_url: toolshed.g2.bx.psu.edu
  tool_panel_section_label: RNA Analysis
- name: riboseqr_wrapper
  owner: vimalkumarvelayudhan
  revisions:
  - 5a242f289347
  tool_shed_url: toolshed.g2.bx.psu.edu
  tool_panel_section_label: RNA Analysis
- name: data_manager_fetch_genome_dbkeys_all_fasta
  owner: devteam
  revisions:
  - 4d3eff1bc421
  - b1bc53e9bbc5
  tool_panel_section_label: None
- name: data_manager_bowtie2_index_builder
  owner: devteam
  revisions:
  - 83da94c0e4a6
  tool_panel_section_label: None
- name: data_manager_hisat2_index_builder
  owner: iuc
  revisions:
  - d210e1f185bd
  tool_panel_section_label: None
- name: data_manager_fetch_gff
  owner: ieguinoa
  revisions:
  - 0bdfe2e85fb0
  tool_panel_section_label: None
- name: data_manager_fetch_tx2gene
  owner: ieguinoa
  revisions:
  - bacd91d8b05a
  tool_panel_section_label: None
- name: data_manager_salmon_index_builder
  owner: ieguinoa
  revisions:
  - 3888ec1918d0
  tool_panel_section_label: None
- name: data_manager_star_index_builder
  owner: iuc
  revisions:
  - d3879aceba04
  - 6ef6520f14fc
  tool_panel_section_label: None
  tool_shed_url: toolshed.g2.bx.psu.edu
- name: salmon
  owner: bgruening
  revisions:
  - 6b0ba6de1424
  tool_panel_section_label: RNA Analysis
  tool_shed_url: toolshed.g2.bx.psu.edu
- name: htseq_count
  owner: lparsons
  revisions: 
  - 7f5a8d427b39
  tool_panel_section_label: RNA Analysis
  tool_shed_url: toolshed.g2.bx.psu.edu
- name: trimmomatic
  owner: pjbriggs
  revisions:
  - 51b771646466
  tool_panel_section_label: FASTA/FASTQ manipulation
- name: rseqc
  owner: nilesh
  revisions:
  - f242ee103277
  tool_panel_section_label: RNA Analysis
- name: sortmerna
  owner: rnateam
  revisions:
  - eb35257d2e29
  tool_panel_section_label: Metagenomics
  tool_shed_url: https://toolshed.g2.bx.psu.edu/
- name: metaphlan2
  owner: iuc
  revisions:
  - 8c82c4d90cc6
  tool_panel_section_label: Metagenomic Analysis
  tool_shed_url: https://toolshed.g2.bx.psu.edu/
- name: metaphlan2krona
  owner: iuc
  revisions:
  - fdbd63e92b01
  tool_panel_section_label: Metagenomic Analysis
  tool_shed_url: https://toolshed.g2.bx.psu.edu/
- name: format_metaphlan2_output
  owner: bebatut
  revisions:
  - 2bfa9b200600
  tool_panel_section_label: Metagenomic Analysis
  tool_shed_url: https://toolshed.g2.bx.psu.edu/
- name: group_humann2_uniref_abundances_to_go
  owner: bebatut
  revisions:
  - cad28d7b49d2
  tool_panel_section_label: Metagenomic Analysis
  tool_shed_url: https://toolshed.g2.bx.psu.edu/
- name: export2graphlan
  owner: iuc
  revisions:
  - b16989c1e3a7
  - ed1becc01910
  tool_panel_section_label: Graph/Display Data
  tool_shed_url: https://toolshed.g2.bx.psu.edu/
- name: graphlan
  owner: iuc
  revisions:
  - a490b70e46fc
  tool_panel_section_label: Graph/Display Data
  tool_shed_url: https://toolshed.g2.bx.psu.edu/
- name: graphlan_annotate
  owner: iuc
  revisions:
  - cf1df6b2220a
  tool_panel_section_label: Graph/Display Data
  tool_shed_url: https://toolshed.g2.bx.psu.edu/
- name: cutadapt
  owner: lparsons
  revisions:
  - 093678460093
  tool_panel_section_label: FASTA/FASTQ
  tool_shed_url: toolshed.g2.bx.psu.edu
- name: je_demultiplex
  owner: gbcs-embl-heidelberg
  revisions:
  - bd3cdf128bcb
  tool_panel_section_label: FASTA/FASTQ
  tool_shed_url: toolshed.g2.bx.psu.edu
- name: suite_mageck
  owner: iuc
  revisions:
  - 1aaea8924858
  tool_panel_section_label: Genome editing

