install_repository_dependencies: true
install_resolver_dependencies: true
install_tool_dependencies: false
tools:
- name: sklearn_suite
  owner: bgruening
  revisions:
  - ed957fdd670d
  tool_panel_section_label: Statistics
- name: nanopolish_variants
  owner: bgruening
  revisions:
  - 639b3a5bb415
  tool_panel_section_label: Variant Calling
- name: nanopolish_methylation
  owner: bgruening
  revisions:
  - f9dadc362197
  tool_panel_section_label: Epigenetics
- name: nanopolish_eventalign
  owner: bgruening
  revisions:
  - bee42f615f28
  tool_panel_section_label: Assembly
