install_repository_dependencies: true
install_resolver_dependencies: true
install_tool_dependencies: false
tools:
- name: plotly_ml_performance_plots
  owner: bgruening
  revisions:
  - 4fac53da862f
  - 85da91bbdbfb
  tool_panel_section_label: Graph/Display Data
- name: plotly_regression_performance_plots
  owner: bgruening
  revisions:
  - 0800a1b66bbd
  - 389227fa1864
  tool_panel_section_label: Graph/Display Data
- name: pandas_rolling_window
  owner: bgruening
  revisions:
  - a06f7b5c4dc7
  tool_panel_section_label: Statistics
- name: split_file_to_collection
  owner: bgruening
  revisions:
  - 2ddc36385d7a
  - 750c1684d47c
  - d150ac3d853d
  - e77b954f0da5
  tool_panel_section_label: Collection Operations
- name: graphicsmagick_image_convert
  owner: bgruening
  revisions:
  - 4e9a3745dce4
  - 57e2503e6039
  - 627e8b38f24f
  - c01226f0d828
  - e88f1111d9e7
  - eb09d7e6d727
  tool_panel_section_label: Convert Formats
- name: graphicsmagick_image_montage
  owner: bgruening
  revisions:
  - 190b3bcc00aa
  - 4dada93ef525
  - 7e2ee5f43778
  tool_panel_section_label: Convert Formats
- name: sklearn_svm_classifier
  owner: bgruening
  revisions:
  - 153f237ddb36
  - 1a9d5a8fff12
  - 295c383c3282
  - 372582a7a34d
  - 73d2ef652879
  - 7d7379dfef8b
  - 9295c5f34630
  - da0a22cdcce7
  - e1b37bdc5fbd
  tool_panel_section_label: Statistics
- name: sklearn_train_test_eval
  owner: bgruening
  revisions:
  - 20bb2a45f922
  - 68aaa903052a
  - bf2bcf7bd617
  - cc49634df38f
  - e23cfe4be9d4
  tool_panel_section_label: Statistics
- name: model_prediction
  owner: bgruening
  revisions:
  - 919198d656dd
  - af7ed4d45619
  - ce00f1cccb03
  - db511406350a
  - fb1fa391189e
  tool_panel_section_label: Statistics
- name: keras_batch_models
  owner: bgruening
  revisions:
  - 000a3868885b
  - 0a7f2b9e1fcb
  - 7f6079deac6f
  - 9afec58b2bf9
  - ed4d31f47d65
  tool_panel_section_label: Statistics
- name: keras_model_builder
  owner: bgruening
  revisions:
  - 1f0c955fabc7
  - 4bd0bd2add7f
  - 5f39cff2a372
  - 65571555c486
  - 818896cd2213
  tool_panel_section_label: Statistics
- name: keras_model_config
  owner: bgruening
  revisions:
  - 0fd7d8e90e2a
  - 1046cf73236b
  - 1f1fc37cfb42
  - bedbda03c573
  - e474e701d58b
  tool_panel_section_label: Statistics
- name: sklearn_sample_generator
  owner: bgruening
  revisions:
  - 0ba38603a0d6
  - 4ba68dd788b3
  - 52ea044c667f
  - 6b14fe097541
  - 86a086d2bbed
  - 871db13f0b04
  - 97b467e06354
  - db7eb7302fc9
  - ebf295f2faf6
  tool_panel_section_label: Statistics
- name: sklearn_estimator_attributes
  owner: bgruening
  revisions:
  - 2ad4c2798be7
  - 7a64b9f39a46
  - 84ddbf61e107
  - 867caa39eaa4
  - ad297a5397a0
  - c411ff569a26
  - f4a7c3aa1e10
  tool_panel_section_label: Statistics
- name: sklearn_stacking_ensemble_models
  owner: bgruening
  revisions:
  - 0e20520a63ee
  - 22560cf810b8
  - 3dc6734056e6
  - 6717e5cc4d05
  - ae4b593c99f8
  - fb424213e9dd
  - fcc5eaaec401
  tool_panel_section_label: Statistics
- name: sklearn_searchcv
  owner: bgruening
  revisions:
  - 103aaea17119
  - 1c4a241bef5c
  - 21d3e08b1a48
  - 3d5b2491c62b
  - 4368259ff821
  - 4af699d766e4
  - 68753d45815f
  - 82b6104d4682
  - 907bb0418c9f
  tool_panel_section_label: Statistics
- name: sklearn_build_pipeline
  owner: bgruening
  revisions:
  - 019bd8289224
  - 653be9c354ec
  - 6d056a1b2249
  - 7388ffedf12c
  - 775b004b7920
  - 913ee94945f3
  - 99038af8deda
  - 9ddacd0b8c8b
  - c33145a815ee
  tool_panel_section_label: Statistics
- name: sklearn_pairwise_metrics
  owner: bgruening
  revisions:
  - 1682b64aad9e
  - 20b7295ae6e9
  - 62945303e6bd
  - 8338f71ed0c4
  - 86020dbc8ef7
  - 96452e7461f4
  - a61375e306c1
  - bd9481c0af38
  - e84c0db80565
  tool_panel_section_label: Statistics
- name: sklearn_nn_classifier
  owner: bgruening
  revisions:
  - 23fb598a09d7
  - 55c7d3e58eae
  - 9871a634540f
  - c030e4bb1b39
  - d0efc68a3ddb
  - e9ba818e7877
  - ed7b1654e841
  - fa2d8618bab0
  - fbc38059bb8f
  tool_panel_section_label: Statistics
- name: sklearn_numeric_clustering
  owner: bgruening
  revisions:
  - 27903ce9b4be
  - 2d7c60aa6c62
  - 37e193b3fdd7
  - 6edcaa8dbb9f
  - 772db6f8bc24
  - 9d234733ccfd
  - 9ff214ce6ec2
  - abb5a3f256e3
  - ff955d4fc5b1
  tool_panel_section_label: Statistics
- name: sklearn_ensemble
  owner: bgruening
  revisions:
  - 172365bc2b5f
  - 360330a867f0
  - 39ae276e75d9
  - 47d4baa183b2
  - ab4249158912
  - d868914bce73
  - dde0f1654d18
  - e94395c672bd
  - f4d8a82e167c
  tool_panel_section_label: Statistics
- name: sklearn_feature_selection
  owner: bgruening
  revisions:
  - 0b88494bdcac
  - 231e9a9849e8
  - 2bbbac61e48d
  - 4170e2bda73d
  - 58322d3c7bd3
  - 8a307b946c58
  - c2cd3219543a
  - ec25331946b8
  - fe47a06943fb
  tool_panel_section_label: Statistics
- name: sklearn_data_preprocess
  owner: bgruening
  revisions:
  - 4952fe39b61d
  - 4fc54bac4254
  - 50b3e080cef0
  - 66df2aa6cd6b
  - 685046e0381a
  - 9ac0b78c6b6d
  - 9e43ee712723
  - c72131b8fc7a
  - d6b8103c909c
  tool_panel_section_label: Statistics
- name: sklearn_clf_metrics
  owner: bgruening
  revisions:
  - 3cd0dbc038ec
  - 44f0ce9488fb
  - 5621f2be9fbc
  - 5a21a631d2eb
  - 68afcd163b3d
  - 9728636c1e41
  - 9bf11bbeccc3
  - ae69f6918abe
  - e8ded63c3fa8
  tool_panel_section_label: Statistics
- name: sklearn_regression_metrics
  owner: bgruening
  revisions:
  - 146133e04fbc
  - 203b2ade8097
  - 268ecaf96b68
  - 28d51b976c29
  - 3703b5796442
  - 3badea963c3b
  - 40ee30b5e456
  - 649017be1c60
  - 64c87ceb6766
  tool_panel_section_label: Statistics
- name: sklearn_discriminant_classifier
  owner: bgruening
  revisions:
  - 18b39ada6f35
  - 1d2bcebc8678
  - 3e2921875c58
  - 5552eda109bd
  - 75bcb7c19fcf
  - 7696d389675c
  - 8e49f26b14d3
  - 95d0f81e46e8
  - 9bb505eafac9
  tool_panel_section_label: Statistics
- name: sklearn_generalized_linear
  owner: bgruening
  revisions:
  - 63417d0acc72
  - 67881a837f46
  - 6cf4b82c72bc
  - 9d3a024cf2da
  - a9474cdda506
  - b628de0d101f
  - bf32512b1418
  - e3bc646e63b2
  - f12dc92b6699
  tool_panel_section_label: Statistics
- name: sklearn_model_validation
  owner: bgruening
  revisions:
  - 492d34a75de6
  - 56f6ebf69ddc
  - 5895fe0b8bde
  - 60b8a683ba99
  - 86e1e2874460
  - 887e0aaa482e
  - 95b04e086576
  - cf9aa11b91c8
  - efbec977a47d
  tool_panel_section_label: Statistics
- name: sklearn_fitted_model_eval
  owner: bgruening
  revisions:
  - da9f0b8ca61c
  - eaddff553324
  tool_panel_section_label: Statistics
- name: sklearn_model_fit
  owner: bgruening
  revisions:
  - 49525d37843a
  - 734c66aa945a
  tool_panel_section_label: Statistics
- name: sklearn_train_test_split
  owner: bgruening
  revisions:
  - 0985b0dd6f1a
  - 910ebff96ddc
  tool_panel_section_label: Statistics
- name: ml_visualization_ex
  owner: bgruening
  revisions:
  - 09efff9a5765
  - 72c0d2747dc9
  - dd13740e8fdc
  - f96efab83b65
  tool_panel_section_label: Statistics
- name: scipy_sparse
  owner: bgruening
  revisions:
  - 102c8bae2e9c
  - 1658dff33c46
  - 201b4f13b374
  - 27c0b1a050df
  - 2a32d1d9c8da
  - 648b81bca7c5
  - b9ed7b774ba3
  - d0ed8e976b79
  - eb3091b4ee4b
  tool_panel_section_label: Statistics
- name: nanopolish_variants
  owner: bgruening
  revisions:
  - 639b3a5bb415
  - bc79b5b0fe04
  - de5b3d8f5b90
  - f1cb13497323
  tool_panel_section_label: Nanopore
- name: nanopolish_methylation
  owner: bgruening
  revisions:
  - 02e3c674d917
  - 07cf146e8964
  - a8d4be409446
  - f9dadc362197
  tool_panel_section_label: Nanopore
- name: nanopolish_eventalign
  owner: bgruening
  revisions:
  - 0938217b3221
  - 5c360c46eac7
  - bee42f615f28
  - d219b6d8158a
  tool_panel_section_label: Nanopore
- name: nanopolish_polya
  owner: bgruening
  revisions:
  - 449e9aeded2d
  - 7739a9b0dd83
  tool_panel_section_label: Nanopore
- name: racon
  owner: bgruening
  revisions:
  - 51fd3136069d
  - aa39b19ca11e
  tool_panel_section_label: Assembly
- name: flye
  owner: bgruening
  revisions:
  - 1ce9b1d72ec3
  - cd256484eb1a
  tool_panel_section_label: Assembly
- name: graphmap_overlap
  owner: bgruening
  revisions:
  - d0a712cf0518
  tool_panel_section_label: Mapping
- name: graphmap_align
  owner: bgruening
  revisions:
  - 190175f4e143
  tool_panel_section_label: Mapping
- name: create_tool_recommendation_model
  owner: bgruening
  revisions:
  - 12764915e1c5
  - 76251d1ccdcc
  - 9bf25dbe00ad
  tool_panel_section_label: Statistics
