install_repository_dependencies: true
install_resolver_dependencies: true
install_tool_dependencies: false
tools:
- name: plotly_ml_performance_plots
  owner: bgruening
  revisions:
  - 4fac53da862f
  tool_panel_section_label: Graph/Display Data
- name: plotly_regression_performance_plots
  owner: bgruening
  revisions:
  - 0800a1b66bbd
  tool_panel_section_label: Graph/Display Data
- name: graphicsmagick_image_convert
  owner: bgruening
  revisions:
  - e88f1111d9e7
  tool_panel_section_label: Convert Formats
- name: graphicsmagick_image_montage
  owner: bgruening
  revisions:
  - 190b3bcc00aa
  tool_panel_section_label: Convert Formats
- name: sklearn_svm_classifier
  owner: bgruening
  revisions:
  - 295c383c3282
  tool_panel_section_label: Statistics
- name: sklearn_sample_generator
  owner: bgruening
  revisions:
  - 0ba38603a0d6
  tool_panel_section_label: Statistics
- name: sklearn_searchcv
  owner: bgruening
  revisions:
  - 907bb0418c9f
  tool_panel_section_label: Statistics
- name: sklearn_build_pipeline
  owner: bgruening
  revisions:
  - 9ddacd0b8c8b
  tool_panel_section_label: Statistics
- name: sklearn_pairwise_metrics
  owner: bgruening
  revisions:
  - bd9481c0af38
  tool_panel_section_label: Statistics
- name: sklearn_nn_classifier
  owner: bgruening
  revisions:
  - 23fb598a09d7
  tool_panel_section_label: Statistics
- name: sklearn_numeric_clustering
  owner: bgruening
  revisions:
  - ff955d4fc5b1
  tool_panel_section_label: Statistics
- name: sklearn_ensemble
  owner: bgruening
  revisions:
  - f4d8a82e167c
  tool_panel_section_label: Statistics
- name: sklearn_feature_selection
  owner: bgruening
  revisions:
  - 58322d3c7bd3
  tool_panel_section_label: Statistics
- name: sklearn_data_preprocess
  owner: bgruening
  revisions:
  - 4fc54bac4254
  tool_panel_section_label: Statistics
- name: sklearn_clf_metrics
  owner: bgruening
  revisions:
  - 5621f2be9fbc
  tool_panel_section_label: Statistics
- name: sklearn_regression_metrics
  owner: bgruening
  revisions:
  - 64c87ceb6766
  tool_panel_section_label: Statistics
- name: sklearn_discriminant_classifier
  owner: bgruening
  revisions:
  - 1d2bcebc8678
  tool_panel_section_label: Statistics
- name: sklearn_generalized_linear
  owner: bgruening
  revisions:
  - 6cf4b82c72bc
  tool_panel_section_label: Statistics
- name: sklearn_model_validation
  owner: bgruening
  revisions:
  - 60b8a683ba99
  tool_panel_section_label: Statistics
- name: scipy_sparse
  owner: bgruening
  revisions:
  - 102c8bae2e9c
  tool_panel_section_label: Statistics
- name: sklearn_suite
  owner: bgruening
  revisions:
  - ed957fdd670d
  tool_panel_section_label: Statistics
- name: nanopolish_variants
  owner: bgruening
  revisions:
  - 639b3a5bb415
  tool_panel_section_label: Variant Calling
- name: nanopolish_methylation
  owner: bgruening
  revisions:
  - f9dadc362197
  tool_panel_section_label: Epigenetics
- name: nanopolish_eventalign
  owner: bgruening
  revisions:
  - bee42f615f28
  tool_panel_section_label: Assembly
- name: racon
  owner: bgruening
  revisions:
  - 51fd3136069d
  tool_panel_section_label: Assembly
- name: flye
  owner: bgruening
  revisions:
  - cd256484eb1a
  tool_panel_section_label: Assembly
- name: graphmap_overlap
  owner: bgruening
  revisions:
  - d0a712cf0518
  tool_panel_section_label: Mapping
- name: graphmap_align
  owner: bgruening
  revisions:
  - 190175f4e143
  tool_panel_section_label: Mapping
