install_repository_dependencies: true
install_resolver_dependencies: true
install_tool_dependencies: false
tools:
- name: tleap
  owner: chemteam
  revisions:
  - 3de1359b86cc
  tool_panel_section_label: ChemicalToolBox
- name: align_it
  owner: bgruening
  revisions:
  - 06d9381593a4
  - 10c0df29e6d1
  tool_panel_section_label: ChemicalToolBox
- name: ctb_im_xcos
  owner: bgruening
  revisions:
  - 73164cea9b60
  - 9b6210854c8c
  tool_panel_section_label: ChemicalToolBox
- name: ctb_im_screen
  owner: bgruening
  revisions:
  - 05cc95060024
  - 2c11d1f9e00b
  tool_panel_section_label: ChemicalToolBox
- name: ctb_im_rxn_maker
  owner: bgruening
  revisions:
  - 8ef5428fb809
  - e3c4312457b6
  tool_panel_section_label: ChemicalToolBox
- name: ctb_im_max_min_picker
  owner: bgruening
  revisions:
  - 2d9ca306538d
  - a20b87a3dc19
  tool_panel_section_label: ChemicalToolBox
- name: ctb_im_cluster_butina
  owner: bgruening
  revisions:
  - 65316a9205f5
  - ad2b25cca758
  tool_panel_section_label: ChemicalToolBox
- name: ctb_im_standardize
  owner: bgruening
  revisions:
  - 8ac4f037fdde
  - fbfac03ce8c3
  tool_panel_section_label: ChemicalToolBox
- name: ctb_im_o3dalign
  owner: bgruening
  revisions:
  - 46fe89ea20ef
  - b760f006cb6b
  tool_panel_section_label: ChemicalToolBox
- name: ctb_im_cluster_butina_matrix
  owner: bgruening
  revisions:
  - 0332c2ff19f2
  - d804c6e6d5ad
  tool_panel_section_label: ChemicalToolBox
- name: traj_selections_and_merge
  owner: chemteam
  revisions:
  - 8740338fdff4
  - a26c4750c7c7
  - f4a1e92ca3d2
  tool_panel_section_label: ChemicalToolBox
- name: ctb_im_constrained_conf_gen
  owner: bgruening
  revisions:
  - 9c5121dd2fd4
  - ac204d3f7312
  tool_panel_section_label: ChemicalToolBox
- name: ctb_im_conformers
  owner: bgruening
  revisions:
  - a4b1474efada
  - b6cdd73f0c14
  tool_panel_section_label: ChemicalToolBox
- name: ctb_im_rxn_smarts_filter
  owner: bgruening
  revisions:
  - ce27129127e0
  - d219d934cf1c
  tool_panel_section_label: ChemicalToolBox
- name: ctb_im_pbf_ev
  owner: bgruening
  revisions:
  - 1c7a7b74f677
  - 38b8e1d2bb78
  tool_panel_section_label: ChemicalToolBox
- name: openduck_run_smd
  owner: bgruening
  revisions:
  - 05c95b16823b
  tool_panel_section_label: ChemicalToolBox
- name: openduck_chunk
  owner: bgruening
  revisions:
  - 89c3bd4f50a3
  tool_panel_section_label: ChemicalToolBox
- name: mmpbsa_mmgbsa
  owner: chemteam
  revisions:
  - 2c62c4422f7a
  - 52e64e8cf203
  - 608098b3668d
  - 84c85e65027c
  - '879662481176'
  - 9234f137c6e1
  - d09f116dfca5
  tool_panel_section_label: ChemicalToolBox
- name: xchem_transfs_scoring
  owner: bgruening
  revisions:
  - 8d9c8ba2ec86
  - de29b4f35536
  - f6f9b47d02b6
  tool_panel_section_label: ChemicalToolBox
- name: rxdock_sort_filter
  owner: bgruening
  revisions:
  - 3e4244e74d41
  - 4ba7350f00ad
  - 7be0793dd448
  tool_panel_section_label: ChemicalToolBox
- name: rxdock_rbdock
  owner: bgruening
  revisions:
  - 07309bad01df
  - 35ee2e002bb0
  - 6fe6b0e10ed6
  - b34d068c2782
  tool_panel_section_label: ChemicalToolBox
- name: rxdock_rbcavity
  owner: bgruening
  revisions:
  - 0848d3b1a46f
  - 583dcdbdbf42
  - 7fac8e7a12d5
  tool_panel_section_label: ChemicalToolBox
- name: rdock_sort_filter
  owner: bgruening
  revisions:
  - 4812dc209abd
  - cc3fc71ef636
  - d1ca4b45f615
  tool_panel_section_label: ChemicalToolBox
- name: rdock_rbdock
  owner: bgruening
  revisions:
  - 1709d2c3dc20
  - 1a1600fde77a
  - 5f291eef9ef3
  - a22969b08177
  - c362398df83b
  - e4b7d1507a75
  tool_panel_section_label: ChemicalToolBox
- name: rdock_rbcavity
  owner: bgruening
  revisions:
  - 744a777e9f90
  - 7e5c2e4bc227
  tool_panel_section_label: ChemicalToolBox
- name: ctb_frankenstein_ligand
  owner: bgruening
  revisions:
  - 7255688c77f3
  - 7a4306d69801
  - 8e214e52e461
  tool_panel_section_label: ChemicalToolBox
- name: openbabel_structure_distance_finder
  owner: bgruening
  revisions:
  - 8302ab092300
  - d5ad79cfa0ae
  - f0502d809c4b
  tool_panel_section_label: ChemicalToolBox
- name: sucos_max_score
  owner: bgruening
  revisions:
  - 2f110aef9b53
  - 85fad59f8168
  - 8eab6d2b7bdf
  - 9b48456a96fe
  - bb5365381c8f
  - bf99565cec1f
  - d4c67ced6abc
  tool_panel_section_label: ChemicalToolBox
- name: sucos_clustering
  owner: bgruening
  revisions:
  - 791c86130585
  - b8725fec8c7b
  - f80cfac80c53
  tool_panel_section_label: ChemicalToolBox
- name: sucos_docking_scoring
  owner: bgruening
  revisions:
  - 4f1896782f7c
  - a574f6e8b909
  - f8f53668d5a2
  - fe318c648502
  tool_panel_section_label: ChemicalToolBox
- name: sucos_clustering
  owner: bgruening
  revisions:
  - 791c86130585
  - b8725fec8c7b
  - f80cfac80c53
  tool_panel_section_label: ChemicalToolBox
- name: sucos_clustering
  owner: bgruening
  revisions:
  - 791c86130585
  - b8725fec8c7b
  - f80cfac80c53
  tool_panel_section_label: ChemicalToolBox
- name: qed
  owner: bgruening
  revisions:
  - 52a8d34dd08f
  - ab73abead7fa
  - fc45bf8b6e01
  tool_panel_section_label: ChemicalToolBox
- name: padel
  owner: bgruening
  revisions:
  - a84bcb007b09
  tool_panel_section_label: ChemicalToolBox
- name: md_converter
  owner: chemteam
  revisions:
  - 1c25c23ff450
  - 730ef07b90ae
  - 79e8ab8f1e81
  - acce5039ece7
  - ba83f0923369
  - ccfbd956a2d3
  - d76bea4c85f3
  - d7ec25187599
  tool_panel_section_label: ChemicalToolBox
- name: gmx_setup
  owner: chemteam
  revisions:
  - 070e3ecc3fda
  - 2c349b027a01
  - 35b314fe6c90
  - 4c48f2526697
  - 4da9ee404eab
  - 8b2553f4f114
  - b43abebffad6
  - c124921a9e5f
  - cac1886249a2
  - cf03bccaa325
  - ed736e6eee39
  tool_panel_section_label: ChemicalToolBox
- name: gmx_em
  owner: chemteam
  revisions:
  - 40835063146c
  - 55918daa5651
  - 5ced6b7070b6
  - 715cd0e87781
  - 8d4c8a79eadd
  - b46d4b4d995c
  - c1e98d48b8b4
  - d532b7e5f64b
  - dc98e5c8165a
  - ea7b9183bf30
  - eb6564a60136
  - f5d979cb4b54
  tool_panel_section_label: ChemicalToolBox
- name: gmx_solvate
  owner: chemteam
  revisions:
  - 1809414a9454
  - 27ea4e1a3f95
  - 2c8ed1b52bf7
  - 61094e01eff9
  - 65946f250c89
  - 7161b230adad
  - 7568ae18908a
  - 970455561ad1
  - ae87e7b2454c
  - b37a1d7bf6c2
  - c4fbab8e03c5
  - cdacad684da1
  - dc2400b6361d
  - e205c82e9959
  tool_panel_section_label: ChemicalToolBox
- name: gmx_md
  owner: chemteam
  revisions:
  - 2e28934c1d8c
  - 609d93596b61
  tool_panel_section_label: ChemicalToolBox
- name: gmx_merge_topology_files
  owner: chemteam
  revisions:
  - 319a28774da9
  - 7445eb668895
  - 8ddd75c21cbd
  - 9987b0933704
  - bc31d02be922
  - d1d0efda35c0
  - f24cd390b743
  - f2faba46d680
  tool_panel_section_label: ChemicalToolBox
- name: gmx_sim
  owner: chemteam
  revisions:
  - 1a5960636405
  - 2e219a2d9327
  - 4b4232c98b6e
  - 4dba9a5b74fc
  - 525ca7c8065f
  - 73008ef1f487
  - 807aa4c9293d
  - c0c9a5024177
  - cdaed42b4223
  - d1f803b5943c
  - da8753545526
  - ec3f665cca3e
  - f197e34c33a9
  tool_panel_section_label: ChemicalToolBox
- name: gmx_fep
  owner: chemteam
  revisions:
  - c1bcdba99bb3
  tool_panel_section_label: ChemicalToolBox
- name: gmx_trj
  owner: chemteam
  revisions:
  - 0f2ced72d16f
  - 240834a8b602
  - 32052c6c3310
  - 4a303225d447
  - 6ac5f450ad31
  - 6dcfdac2dcae
  - 9363254ef848
  - b2acdbff8dfb
  - cdf93d057569
  tool_panel_section_label: ChemicalToolBox
- name: gmx_energy
  owner: chemteam
  revisions:
  - 0920286a2d41
  - 345c2a16b95f
  - 5579659312e6
  - c8d2c0162b6e
  - d2f955aea23a
  - dae135dfd519
  - f26afd1b7104
  - fdf2cc80adb5
  tool_panel_section_label: ChemicalToolBox
- name: gmx_restraints
  owner: chemteam
  revisions:
  - 42e4eda6eb5d
  - 509aa136d4e3
  - 642ce5c16ae8
  - 9dde06738154
  - a550cfa43262
  - ca6a4740114e
  tool_panel_section_label: ChemicalToolBox
- name: gmx_makendx
  owner: chemteam
  revisions:
  - 358747bce4fd
  - a80e10e9f686
  - b3ae940ed305
  - c119d1b9941b
  - d9eb276dfa32
  - e3e536aa2633
  tool_panel_section_label: ChemicalToolBox
- name: gmx_editconf
  owner: chemteam
  revisions:
  - 0fac8e2afc13
  - 259a1b8a1a39
  - 3b8a9d5ced85
  - 79cfd9ead848
  - 88076940fa94
  - bfb65cb551d8
  tool_panel_section_label: ChemicalToolBox
- name: gmx_check
  owner: chemteam
  revisions:
  - 9ad99037117b
  tool_panel_section_label: ChemicalToolBox
- name: alchemical_analysis
  owner: chemteam
  revisions:
  - c1fa72716efc
  tool_panel_section_label: ChemicalToolBox
- name: ctb_rdkit_descriptors
  owner: bgruening
  revisions:
  - 0993ac4f4a23
  - 749cc765636b
  - cf725c82c865
  - d68bf44e1f5c
  tool_panel_section_label: ChemicalToolBox
- name: packmol
  owner: chemteam
  revisions:
  - 539fb45630e6
  - ddb1ae2cf028
  tool_panel_section_label: ChemicalToolBox
- name: mdanalysis_angle
  owner: chemteam
  revisions:
  - 4c93f7541218
  - 567f8c5d4680
  - 7c5fd4117a07
  - ad135cf42274
  tool_panel_section_label: ChemicalToolBox
- name: mdanalysis_rdf
  owner: chemteam
  revisions:
  - 0f17d0720565
  - 49076afc90b1
  - 49dac57d004a
  - 57a3d6f94bcd
  tool_panel_section_label: ChemicalToolBox
- name: mdanalysis_dihedral
  owner: chemteam
  revisions:
  - 0493024c3318
  - 2fff8653412f
  - 554f60da9c8f
  - 976cfd44b921
  tool_panel_section_label: ChemicalToolBox
- name: mdanalysis_distance
  owner: chemteam
  revisions:
  - 46892d756cec
  - 489b25966bb9
  - aa4090b50e7b
  - fd987ff06ceb
  tool_panel_section_label: ChemicalToolBox
- name: mdanalysis_ramachandran_plot
  owner: chemteam
  revisions:
  - 8bd0e29927da
  - be5eaea0b2d1
  - d710c7f00ae6
  tool_panel_section_label: ChemicalToolBox
- name: mdanalysis_hbonds
  owner: chemteam
  revisions:
  - 469ad3ea5a5f
  - 5efd0c95f97e
  - b17ce46509ad
  tool_panel_section_label: ChemicalToolBox
- name: vmd_hbonds
  owner: chemteam
  revisions:
  - 8aa5e465b043
  tool_panel_section_label: ChemicalToolBox
- name: mdanalysis_cosine_analysis
  owner: chemteam
  revisions:
  - 48d6a6eb438b
  - 9a3a1f698fc6
  - ebeb72aa39a8
  tool_panel_section_label: ChemicalToolBox
- name: mdanalysis_endtoend
  owner: chemteam
  revisions:
  - 795a5996cdc8
  tool_panel_section_label: ChemicalToolBox
- name: acpype_amber2gromacs
  owner: chemteam
  revisions:
  - 5b4ae74b7f0b
  tool_panel_section_label: ChemicalToolBox
- name: mdanalysis_ramachandran_protein
  owner: chemteam
  revisions:
  - 060b9d9ec8cf
  tool_panel_section_label: ChemicalToolBox
- name: mdanalysis_extract_rmsd
  owner: chemteam
  revisions:
  - 589f8ef21e58
  - 743bd6aa3c7a
  - 8f6ad93973cb
  tool_panel_section_label: ChemicalToolBox
- name: bio3d_rmsf
  owner: chemteam
  revisions:
  - 4354d92dc1aa
  - 6bcb804a54c3
  tool_panel_section_label: ChemicalToolBox
- name: bio3d_rmsd
  owner: chemteam
  revisions:
  - 77e28e1da9f4
  - f871c9a8cb7c
  tool_panel_section_label: ChemicalToolBox
- name: bio3d_pca
  owner: chemteam
  revisions:
  - 24867ab16f36
  - 994c509873db
  tool_panel_section_label: ChemicalToolBox
- name: bio3d_pca_visualize
  owner: chemteam
  revisions:
  - 7ac6900f4790
  - f61a718993fd
  tool_panel_section_label: ChemicalToolBox
- name: bio3d_dccm
  owner: chemteam
  revisions:
  - 18440ff54f63
  - c9ae0c833ded
  tool_panel_section_label: ChemicalToolBox
- name: fastpca
  owner: chemteam
  revisions:
  - 9ca30ad95444
  tool_panel_section_label: ChemicalToolBox
- name: biomd_extract_clusters
  owner: chemteam
  revisions:
  - 078dfd7fb26d
  - e0ecaf2d05fb
  tool_panel_section_label: ChemicalToolBox
- name: biomd_rmsd_clustering
  owner: chemteam
  revisions:
  - b001ebc8bf58
  - b9c46dbe9605
  tool_panel_section_label: ChemicalToolBox
- name: biomd_neqgamma
  owner: chemteam
  revisions:
  - 4f3222cb5cf6
  - afcb925def69
  tool_panel_section_label: ChemicalToolBox
- name: prepare_ligands_for_docking
  owner: bgruening
  revisions:
  - 015ccbd1ad68
  - 06340f46ecb8
  - b8838a9aa31a
  - d9d5aa013bb4
  - fac2c28b4c55
  tool_panel_section_label: ChemicalToolBox
- name: openbabel_remsmall
  owner: bgruening
  revisions:
  - 0c95b0f51114
  - 11952f619e90
  - 81836d586797
  - e38d865baa37
  - e70dc90a1e58
  - fc2a2989c3b1
  tool_panel_section_label: ChemicalToolBox
- name: openbabel_obgrep
  owner: bgruening
  revisions:
  - 1c418abdafd9
  - 274193d6c443
  - 50dc8ca09a50
  - 64e2c5ab51cb
  - 8b23033ff72c
  - 985ab0acd514
  - f27e2eaffb5f
  tool_panel_section_label: ChemicalToolBox
- name: openbabel_change_title
  owner: bgruening
  revisions:
  - 23284172bc4e
  - 3bf4dcc945f9
  - 49d21d05f77c
  - 5b66a1684f18
  - a638d8d13bb3
  - a84187d7bda6
  - f924a1728291
  tool_panel_section_label: ChemicalToolBox
- name: openbabel_genprop
  owner: bgruening
  revisions:
  - 50eaae9df8d3
  - 53cf744d1c6f
  - b249bf9be0d1
  - c427987b54fd
  - e4ece69f1b32
  - ebe0654a8b85
  - f620af05e524
  tool_panel_section_label: ChemicalToolBox
- name: openbabel_remions
  owner: bgruening
  revisions:
  - 3153b6f3087c
  - 34fb5da28776
  - 354c048550f7
  - 6cc6c7ef23df
  - 9249b0e0e6bd
  - abceed0106cd
  - cc8ca507174f
  - f70b83b730ac
  tool_panel_section_label: ChemicalToolBox
- name: openbabel_multi_obgrep
  owner: bgruening
  revisions:
  - 09640954740c
  tool_panel_section_label: ChemicalToolBox
- name: openbabel_svg_depiction
  owner: bgruening
  revisions:
  - 136ceea822f5
  - 75ee9c410951
  - 7672039a0bb0
  - aa62ff7e28b5
  - ba2d56f16904
  - ed50b83b02e9
  - ff95203c7e4b
  tool_panel_section_label: ChemicalToolBox
- name: openbabel_spectrophore_search
  owner: bgruening
  revisions:
  - 0b9ee280c439
  - 330514267c57
  - 3d91d24e89c5
  - aedce3959676
  - d92ada24e4ad
  - e1676a9f766b
  - f5d7ffbb2d33
  tool_panel_section_label: ChemicalToolBox
- name: openbabel_remove_protonation_state
  owner: bgruening
  revisions:
  - 22a866858b81
  - 44488fa95d1d
  - 5dc2a6cd6da1
  - 612c134546a2
  - adc3b24c083f
  - bf4e668b6690
  - f2aef0ee9d78
  tool_panel_section_label: ChemicalToolBox
- name: openbabel_compound_convert
  owner: bgruening
  revisions:
  - 37f6668ce540
  - 4242b4d68e9c
  - b59c91adeac1
  - d00ae56d3ba5
  - ddbfae6646f9
  - e2c36f62e22f
  - e6011617c748
  tool_panel_section_label: ChemicalToolBox
- name: openbabel_subsearch
  owner: bgruening
  revisions:
  - 80d78559a5a3
  - 9a83f24376b0
  - 9adf3fae2771
  - abf3ff7ff5e7
  - c19608db6b15
  - c4abd2c7d5f6
  - fc199b60875d
  tool_panel_section_label: ChemicalToolBox
- name: openbabel_filter
  owner: bgruening
  revisions:
  - 30a4b898e306
  - 340f8d63c1f4
  - 69e02cf88856
  - 72d13f75b67c
  - 988085c7a0ea
  - a9ea2eac7300
  - da0059ee548a
  tool_panel_section_label: ChemicalToolBox
- name: openbabel_addh
  owner: bgruening
  revisions:
  - 43167f164076
  - 6da72bb13a05
  - 716dcb5bbb71
  - 7b6fd1c273cd
  - 883fe4f7f1b2
  - 976a5975b952
  - bfb8555f0003
  tool_panel_section_label: ChemicalToolBox
- name: openbabel_remduplicates
  owner: bgruening
  revisions:
  - 1dd562ae055d
  - 854a7a169623
  - c5de6c19eb06
  - d751e92477ea
  - dd28d21080f3
  - e289f65f6b91
  tool_panel_section_label: ChemicalToolBox
- name: autodock_vina_prepare_box
  owner: bgruening
  revisions:
  - 668c60aa4799
  - 73c2c9774c2d
  - 8f766d9652a2
  - 908880455b2d
  - ad35eaa204ea
  tool_panel_section_label: ChemicalToolBox
- name: autodock_vina_prepare_ligand
  owner: bgruening
  revisions:
  - 50871000e977
  - f6eb53a200df
  tool_panel_section_label: ChemicalToolBox
- name: autodock_vina
  owner: bgruening
  revisions:
  - 0ae768a0e5c0
  - 7a871df65202
  - 7b2f205b3f68
  - 90ea16534012
  tool_panel_section_label: ChemicalToolBox
- name: get_online_data
  owner: bgruening
  revisions:
  - 2538366eb8fb
  tool_panel_section_label: ChemicalToolBox
- name: get_pubchem
  owner: bgruening
  revisions:
  - 4d966d5bdd17
  - cd19c3fab3a6
  tool_panel_section_label: ChemicalToolBox
- name: get_pdb
  owner: bgruening
  revisions:
  - 538790c6c21b
  tool_panel_section_label: ChemicalToolBox
- name: mordred
  owner: bgruening
  revisions:
  - cc0f89287ecf
  - d074b0c2b54f
  - e2f40a02f31a
  tool_panel_section_label: ChemicalToolBox
- name: ambertools_acpype
  owner: chemteam
  revisions:
  - 095ad4d096d1
  - 27ee142314a9
  - 2e202f6c3034
  - 597ee2f97479
  - 6ca543ec1bf8
  - 710301bc46fa
  - c8cdde00b105
  - da6bd1975a71
  - f4230f116196
  tool_panel_section_label: ChemicalToolBox
- name: ambertools_antechamber
  owner: chemteam
  revisions:
  - 04f6bb5fe7c7
  - 29aa7091e533
  - 511c4bd8aa6d
  - 59a0424937cc
  - 5f3f7376a0e3
  - 8a839e6a1e3e
  - c6e895c6bb75
  - df191be5f11a
  tool_panel_section_label: ChemicalToolBox
- name: ambertools_parmchk2
  owner: chemteam
  revisions:
  - 00ff41b1d49a
  - 26876112c25b
  - 75cf92df2580
  - 7afe7044a2aa
  - 96b872138d3b
  - a0099ea2ef8b
  - cf9f1f2688b5
  - ecc43bf27a49
  tool_panel_section_label: ChemicalToolBox
- name: chembl
  owner: bgruening
  revisions:
  - 1ade252ebe08
  - 1d6fb7967ae9
  - 59eea7d0d720
  - 8b6ba267714b
  - a43a00845834
  - a446ea7e2bc1
  - f56492688f43
  tool_panel_section_label: ChemicalToolBox
- name: chembl_structure_pipeline
  owner: bgruening
  revisions:
  - 2f59c6239f25
  tool_panel_section_label: ChemicalToolBox
- name: fpocket
  owner: bgruening
  revisions:
  - 2063e965531c
  - 4cc9d85c3bae
  - 4fb73be7f4cb
  - 909c8763f127
  tool_panel_section_label: ChemicalToolBox
- name: sdf_to_tab
  owner: bgruening
  revisions:
  - 193389d3a5f0
  - 4beb3e026bbb
  - 71bc02c59d3a
  tool_panel_section_label: ChemicalToolBox
- name: enumerate_charges
  owner: bgruening
  revisions:
  - 2a868592ebcb
  - 67ee76f0e497
  tool_panel_section_label: ChemicalToolBox
- name: rdconf
  owner: bgruening
  revisions:
  - 5c501eb8d56c
  tool_panel_section_label: ChemicalToolBox
- name: parmconv
  owner: chemteam
  revisions:
  - 267a70416daf
  - 2b82fc7bec67
  - 6c6cecf51bd0
  - 6d0677a148fe
  - 88658acb9337
  - b500cc25dd15
  - e99af9b44cbb
  tool_panel_section_label: ChemicalToolBox
- name: apoc
  owner: earlhaminst
  revisions:
  - 67d2a6f3b4e3
  - f7eb699686eb
  tool_panel_section_label: ChemicalToolBox
- name: smina
  owner: earlhaminst
  revisions:
  - cf657dae1dca
  tool_panel_section_label: ChemicalToolBox
- name: gmx_rg
  owner: chemteam
  revisions:
  - 2b19cec3cca9
  - f360f62ac4c4
  tool_panel_section_label: ChemicalToolBox
- name: acpype_amber2gromacs
  owner: chemteam
  revisions:
  - 5b4ae74b7f0b
  tool_panel_section_label: ChemicalToolBox
- name: gromacs_modify_topology
  owner: chemteam
  revisions:
  - 5521a057ed6a
  tool_panel_section_label: ChemicalToolBox
- name: gromacs_extract_topology
  owner: chemteam
  revisions:
  - 9faa4f4b8b76
  tool_panel_section_label: ChemicalToolBox
- name: gmx_get_builtin_file
  owner: chemteam
  revisions:
  - 124c21408519
  - a81256d23782
  tool_panel_section_label: ChemicalToolBox
- name: gmx_rmsd
  owner: chemteam
  revisions:
  - e8e3636338c8
  tool_panel_section_label: ChemicalToolBox
- name: gmx_rmsf
  owner: chemteam
  revisions:
  - f261fded9631
  tool_panel_section_label: ChemicalToolBox
- name: qiskit_xyz2pdb
  owner: chemteam
  revisions:
  - 7372df4e8513
  tool_panel_section_label: ChemicalToolBox
- name: pulchra
  owner: chemteam
  revisions:
  - 212ccef97a3a
  tool_panel_section_label: ChemicalToolBox
- name: biopdb_align_and_rmsd
  owner: chemteam
  revisions:
  - 6352d6dd74e2
  - a40867ca69fe
  tool_panel_section_label: ChemicalToolBox
- name: lirasearch
  owner: bgruening
  revisions:
  - 01f534b33608
  tool_panel_section_label: ChemicalToolBox
