install_repository_dependencies: true
install_resolver_dependencies: true
install_tool_dependencies: false
tools:
- name: psy_maps
  owner: climate
  revisions:
  - db8d76da4174
  tool_panel_section_label: Climate Analysis
- name: cds_essential_variability
  owner: climate
  revisions:
  - b9d9fe0c2ce7
  tool_panel_section_label: Climate Analysis
- name: shift_longitudes
  owner: climate
  revisions:
  - 5708a3a46f2e
  tool_panel_section_label: Climate Analysis
- name: mean_per_zone
  owner: climate
  revisions:
  - 4bb2f6091660
  tool_panel_section_label: Climate Analysis
- name: gdal_gdaladdo
  owner: ecology
  revisions:
  - c46b8322a8ee
  tool_panel_section_label: GIS Data Handling
- name: gdal_gdalbuildvrt
  owner: ecology
  revisions:
  - b6152f24b94d
  tool_panel_section_label: GIS Data Handling
- name: gdal_gdalinfo
  owner: ecology
  revisions:
  - 913cab85ce1e
  tool_panel_section_label: GIS Data Handling
- name: gdal_gdal_merge
  owner: ecology
  revisions:
  - 4285576f0690
  tool_panel_section_label: GIS Data Handling
- name: gdal_gdal_translate
  owner: ecology
  revisions:
  - 50d3ee48d983
  tool_panel_section_label: GIS Data Handling
- name: gdal_gdalwarp
  owner: ecology
  revisions:
  - fd5594c05fab
  tool_panel_section_label: GIS Data Handling
- name: gdal_ogr2ogr
  owner: ecology
  revisions:
  - e12db3b4d3a6
  tool_panel_section_label: GIS Data Handling
- name: gdal_ogrinfo
  owner: ecology
  revisions:
  - 24696f52a90a
  tool_panel_section_label: GIS Data Handling
- name: spocc_occ
  owner: ecology
  revisions:
  - f9d76a46799a
  tool_panel_section_label: Get Data
- name: datamash_ops
  owner: iuc
  revisions:
  - 562f3c677828
  tool_panel_section_label: Join, Subtract and Group
- name: datamash_reverse
  owner: iuc
  revisions:
  - 0f1724dd59d2
  tool_panel_section_label: Join, Subtract and Group
- name: datamash_transpose
  owner: iuc
  revisions:
  - 22c2a1ac7ae3
  tool_panel_section_label: Join, Subtract and Group
- name: collection_column_join
  owner: iuc
  revisions:
  - 071084070619
  tool_panel_section_label: Join, Subtract and Group
