install_repository_dependencies: true
install_resolver_dependencies: true
install_tool_dependencies: false
tools:
- name: collapse_collections
  owner: nml
  revisions:
  - 49bd84e136c7
  tool_panel_section_label: Collection Operations
- name: unzip
  owner: imgteam
  revisions:
  - 38eec75fbe9b
  tool_panel_section_label: Collection Operations
