install_repository_dependencies: true
install_resolver_dependencies: true
install_tool_dependencies: false
tools:
- name: apoc
  owner: earlhaminst
  revisions:
  - 451f90534945
  - 67d2a6f3b4e3
  tool_panel_section_label: ChemicalToolBox
- name: smina
  owner: earlhaminst
  revisions:
  - 7c0bb0c48a27
  tool_panel_section_label: ChemicalToolBox
- name: blast_parser
  owner: earlhaminst
  revisions:
  - 363f3480622d
  - 376ed15e0d27
  tool_panel_section_label: Phylogenetics
- name: hcluster_sg
  owner: earlhaminst
  revisions:
  - 1d2de27d7a9c
  - 4a233271d05a
  tool_panel_section_label: Phylogenetics
- name: hcluster_sg_parser
  owner: earlhaminst
  revisions:
  - 02d73e6ca869
  - 07f5b2c5ac10
  - dbc49bd1a3e9
  - f9e418125021
  tool_panel_section_label: Phylogenetics
- name: t_coffee
  owner: earlhaminst
  revisions:
  - 0a189243186d
  - ae69d14b6fbf
  - c67bd5acbae2
  - df6527887a18
  tool_panel_section_label: Phylogenetics
- name: treebest_best
  owner: earlhaminst
  revisions:
  - 4f9e5110914b
  - b78b529f66db
  - bc049ecd9907
  tool_panel_section_label: Phylogenetics
- name: gafa
  owner: earlhaminst
  revisions:
  - af9f72ddf7f9
  - b9f1bcf5ee59
  tool_panel_section_label: Phylogenetics
- name: gstf_preparation
  owner: earlhaminst
  revisions:
  - 51a7a2a82902
  - 598e9172b8e7
  - 7e11a7f4bdba
  - 9c62ad7dd113
  - dbe37a658cd2
  - e8e75a79de59
  - f4acbfe8d6fe
  tool_panel_section_label: Phylogenetics
- name: ete
  owner: earlhaminst
  revisions:
  - 16e925bf567e
  - 276e3ee68c37
  - 2db72467da51
  - 541a2ffc01ff
  - 6a5282f71f82
  - b29ee6a16524
  - d40b9a7debe5
  - dc32007a6b36
  - ed74587a13c8
  tool_panel_section_label: Phylogenetics
- name: lotus2
  owner: earlhaminst
  revisions:
  - 12599a8dd22f
  - 1d660ee0b1c8
  - 28f284a679ce
  - 30340f534fbe
  - 469095a58c15
  - 6c22795e1be0
  - 6e9fd3e0dcbb
  - 77cb867e9608
  - 7f33525b85d0
  - a3d31a68f291
  - ceb2cb800298
  - eb7baf1f72ca
  - f2bb89058e99
  - fa84bba02a62
  - fede743a9002
  tool_panel_section_label: Metagenomic Analysis
- name: ensembl_get_feature_info
  owner: earlhaminst
  revisions:
  - 234d7babf34b
  - 396f0f54d115
  - 70e4134eb0ed
  - d6bb417dc831
  tool_panel_section_label: Get Data
- name: ensembl_get_genetree
  owner: earlhaminst
  revisions:
  - 0602dcf02768
  - 0618e3bd5138
  - 515e7181d5e9
  - 675fd774314e
  - 98aba0efe77a
  tool_panel_section_label: Get Data
- name: ensembl_get_sequences
  owner: earlhaminst
  revisions:
  - 0fa1d1cc417d
  - 3b686142e9c2
  - 7af66c2b3831
  - e5dd4bd78bbc
  tool_panel_section_label: Get Data
