install_repository_dependencies: true
install_resolver_dependencies: true
install_tool_dependencies: false
tools:
- name: blast_parser
  owner: earlhaminst
  revisions:
  - 376ed15e0d27
  tool_panel_section_label: Phylogenetics
- name: hcluster_sg
  owner: earlhaminst
  revisions:
  - 4a233271d05a
  tool_panel_section_label: Phylogenetics
- name: hcluster_sg_parser
  owner: earlhaminst
  revisions:
  - dbc49bd1a3e9
  tool_panel_section_label: Phylogenetics
- name: t_coffee
  owner: earlhaminst
  revisions:
  - df6527887a18
  tool_panel_section_label: Phylogenetics
- name: treebest_best
  owner: earlhaminst
  revisions:
  - 4f9e5110914b
  tool_panel_section_label: Phylogenetics
- name: gafa
  owner: earlhaminst
  revisions:
  - af9f72ddf7f9
  tool_panel_section_label: Phylogenetics
- name: gstf_preparation
  owner: earlhaminst
  revisions:
  - 7e11a7f4bdba
  tool_panel_section_label: Phylogenetics
- name: ete
  owner: earlhaminst
  revisions:
  - 276e3ee68c37
  tool_panel_section_label: Phylogenetics
- name: ensembl_get_feature_info
  owner: earlhaminst
  revisions:
  - 396f0f54d115
  tool_panel_section_label: Get Data
- name: ensembl_get_genetree
  owner: earlhaminst
  revisions:
  - 98aba0efe77a
  tool_panel_section_label: Get Data
- name: ensembl_get_sequences
  owner: earlhaminst
  revisions:
  - e5dd4bd78bbc
  tool_panel_section_label: Get Data
