install_repository_dependencies: true
install_resolver_dependencies: true
install_tool_dependencies: false
tools:
- name: apoc
  owner: earlhaminst
  revisions:
  - 67d2a6f3b4e3
  - f7eb699686eb
  tool_panel_section_label: ChemicalToolBox
- name: smina
  owner: earlhaminst
  revisions:
  - cf657dae1dca
  tool_panel_section_label: ChemicalToolBox
- name: blast_parser
  owner: earlhaminst
  revisions:
  - 376ed15e0d27
  - e14f71c3a70e
  - fea757b85172
  tool_panel_section_label: Phylogenetics
- name: hcluster_sg
  owner: earlhaminst
  revisions:
  - 4a233271d05a
  - 4d60b0cd146c
  tool_panel_section_label: Phylogenetics
- name: hcluster_sg_parser
  owner: earlhaminst
  revisions:
  - 451d2588e14e
  - 4b3ef9bde528
  - dbc49bd1a3e9
  - f9e418125021
  tool_panel_section_label: Phylogenetics
- name: t_coffee
  owner: earlhaminst
  revisions:
  - 0a189243186d
  - ce83c3f83561
  - df6527887a18
  tool_panel_section_label: Phylogenetics
- name: treebest_best
  owner: earlhaminst
  revisions:
  - 4f9e5110914b
  - d0569a198359
  tool_panel_section_label: Phylogenetics
- name: gafa
  owner: earlhaminst
  revisions:
  - a6c4483a02be
  - ab5611663f32
  - af9f72ddf7f9
  - b9f1bcf5ee59
  - c22276db4025
  tool_panel_section_label: Phylogenetics
- name: gstf_preparation
  owner: earlhaminst
  revisions:
  - 4340eef6ec1b
  - 7e11a7f4bdba
  - dbe37a658cd2
  - e8e75a79de59
  tool_panel_section_label: Phylogenetics
- name: ete
  owner: earlhaminst
  revisions:
  - 16e925bf567e
  - 1e85af7a29c4
  - 276e3ee68c37
  - 2db72467da51
  - 541a2ffc01ff
  - 6a5282f71f82
  - b29ee6a16524
  - d40b9a7debe5
  - e4d5d9a69c9d
  tool_panel_section_label: Phylogenetics
- name: lotus2
  owner: earlhaminst
  revisions:
  - 12599a8dd22f
  - 28f284a679ce
  - 30340f534fbe
  - 469095a58c15
  - 6c22795e1be0
  - 77cb867e9608
  - 7f33525b85d0
  - a3d31a68f291
  - eb7baf1f72ca
  - f2bb89058e99
  - fa84bba02a62
  - fede743a9002
  tool_panel_section_label: Metagenomic Analysis
- name: ensembl_get_feature_info
  owner: earlhaminst
  revisions:
  - 37cdb55f5258
  - 396f0f54d115
  - d6bb417dc831
  tool_panel_section_label: Get Data
- name: ensembl_get_genetree
  owner: earlhaminst
  revisions:
  - 515e7181d5e9
  - 667fd2d7a350
  - 98aba0efe77a
  tool_panel_section_label: Get Data
- name: ensembl_get_sequences
  owner: earlhaminst
  revisions:
  - 7af66c2b3831
  - c79ce2342f1e
  - e5dd4bd78bbc
  tool_panel_section_label: Get Data
