install_resolver_dependencies: true
install_tool_dependencies: false
tools:
- name: metilene
  owner: rnateam
  revisions:
  - cd253831a014
  tool_panel_section_label: Epigenetics
- name: bismark
  owner: bgruening
  revisions:
  - 9d02cd7883ad
  tool_panel_section_label: Mapping
- name: bwameth
  owner: iuc
  revisions:
  - 95219305823a
  - a6ea26c1f225
  - f7094efef903
  tool_panel_section_label: Mapping
- name: pileometh
  owner: bgruening
  revisions:
  - ccc755bdf11d
  tool_panel_section_label: Peak Calling
- name: suite_hicup
  owner: bgruening
  revisions:
  - 5456a2c9b90e
  tool_panel_section_label: Epigenetics
- name: suite_hicexplorer
  owner: bgruening
  revisions:
  - 12aca5abdc48
  tool_panel_section_label: HiCExplorer
- name: hifive
  owner: sauria
  revisions:
  - 4a978cf8cf92
  tool_panel_section_label: Epigenetics
- name: suite_deeptools
  owner: bgruening
  revisions:
  - 197493196075
  - 1f56e7b59c07
  - 3d68b716965a
  - 44e7a5b3be82
  - 4ba8ae21b7f7
  - 5693283f4de2
  - cbe514663f34
  - d1ea31015c11
  - e1b16ec924f8
  tool_panel_section_label: Epigenetics
