install_resolver_dependencies: true
install_tool_dependencies: false
tools:
- name: metilene
  owner: rnateam
  revisions:
  - 37abd09a0ae6
  tool_panel_section_label: Epigenetics
- name: bismark
  owner: bgruening
  revisions:
  - 9d02cd7883ad
  tool_panel_section_label: Mapping
- name: bwameth
  owner: iuc
  revisions:
  - 29bdbc353f20
  - 62f5fab76dfb
  - 6da3972210ee
  - 95219305823a
  - a6ea26c1f225
  - b6b87635cf29
  - b7ce99273d62
  - cf1322aeb137
  - d82648ad25a3
  - f7094efef903
  tool_panel_section_label: Mapping
- name: pileometh
  owner: bgruening
  revisions:
  - ccc755bdf11d
  tool_panel_section_label: Peak Calling
- name: hifive
  owner: sauria
  revisions:
  - cc95aa05f643
  tool_panel_section_label: Epigenetics
- name: clusterprofiler_go
  owner: kpbioteam
  revisions:
  - 5299be80cafb
  tool_panel_section_label: Test Tools
- name: clusterprofiler_bitr
  owner: kpbioteam
  revisions:
  - 762c61c71874
  tool_panel_section_label: Test Tools
- name: chipeakanno_annopeaks
  owner: kpbioteam
  revisions:
  - 104882a2de00
  tool_panel_section_label: Test Tools
- name: ewastools
  owner: kpbioteam
  revisions:
  - 369fef559cfc
  - fef50103f6b3
  tool_panel_section_label: Epigenetics
- name: hicup_truncater
  owner: bgruening
  revisions:
  - cc413be789ea
  tool_panel_section_label: Epigenetics
- name: hicup_hicup
  owner: bgruening
  revisions:
  - 68fb19094f84
  - 852e1fac4802
  tool_panel_section_label: Epigenetics
- name: hicup_filter
  owner: bgruening
  revisions:
  - 2d4a34c00c67
  tool_panel_section_label: Epigenetics
- name: hicup_digester
  owner: bgruening
  revisions:
  - e79c38f1752c
  tool_panel_section_label: Epigenetics
- name: hicup_deduplicator
  owner: bgruening
  revisions:
  - 2107c2f7a5d7
  tool_panel_section_label: Epigenetics
- name: hicup_mapper
  owner: bgruening
  revisions:
  - be104dee2833
  tool_panel_section_label: Epigenetics
- name: hicup2juicer
  owner: bgruening
  revisions:
  - b4e7244246e2
  - f8cb84c49623
  tool_panel_section_label: Epigenetics
