install_resolver_dependencies: true
install_tool_dependencies: false
tools:
- name: alphafold2
  owner: galaxy-australia
  revisions:
  - 04e95886cf24
  - 138feebde7d3
  - 2f7702fd0a4c
  - 3f188450ca4f
  - 58854e2e6654
  - 5b85006245f3
  - 6ab1a261520a
  - 7ae9d78b06f5
  - 7fbec959cf2b
  - a58f7eb0df2c
  - c0e71cb2bd1b
  - ca90d17ff51b
  - d00e15139065
  - e4a053d67e24
  - eb085b3dbaf8
  - f9eb041c518c
  tool_panel_section_label: ChemicalToolBox
- name: cactus_cactus
  owner: galaxy-australia
  revisions:
  - 098506c54016
  - 2263989660f5
  - 3c8227556fdc
  - 48c13389050d
  - 80f03df2e2ce
  - 94b8c6013083
  - 9baa871cb1d1
  - 9eeb13a92d79
  - a74dbfee5a86
  - bdfbaf0c10aa
  - cd07731e4434
  tool_panel_section_label: Assembly
- name: cactus_export
  owner: galaxy-australia
  revisions:
  - 3ff17bad4006
  - 5bf688a3ee2c
  - '764845535798'
  - aaa0d6a8b808
  - bc3831dd65c1
  - be78f13134e2
  - c44f824c051a
  - d7ce0ec78e51
  - f0af8936ed41
  - f14193ec1f50
  - fc2e49f91e52
  tool_panel_section_label: Assembly
