install_repository_dependencies: true
install_resolver_dependencies: true
install_tool_dependencies: false
tools:
- name: gate_finder
  owner: goeckslab
  revisions:
  - 6df8d6e42152
  - 764f6363e2a9
  - 80102785f5ff
  - 8097f9124f87
  tool_panel_section_label: Imaging
- name: vitessce_spatial
  owner: goeckslab
  revisions:
  - 4bf852448b5d
  - 4f43e11fb3c9
  - 7cc457aa78b1
  - 9f60ef2d586e
  tool_panel_section_label: Imaging
- name: mesmer
  owner: goeckslab
  revisions:
  - 02abff468d60
  - 187918c47051
  - 2675ff99a53b
  - 53240d7c1fc5
  - c60b810d570d
  tool_panel_section_label: Spatial Omics
- name: squidpy_scatter
  owner: goeckslab
  revisions:
  - 6fe0d4f464f4
  - b84c324b58bd
  tool_panel_section_label: Imaging
- name: squidpy_spatial
  owner: goeckslab
  revisions:
  - 2a5036c29889
  - 5b17a47d1ade
  tool_panel_section_label: Imaging
- name: rename_tiff_channels
  owner: goeckslab
  revisions:
  - 09e240a12897
  - 4763362914f4
  - 55bc102d7709
  - d2c59a1ac0c4
  tool_panel_section_label: Imaging
- name: cell_intensity_processing
  owner: goeckslab
  revisions:
  - 5d541df02496
  - 676f78636667
  - 7a77ed0e579a
  - 7f93f472a242
  tool_panel_section_label: Imaging
- name: scimap_anndata_to_csv
  owner: goeckslab
  revisions:
  - 09c099c99888
  - 302ddf03402f
  tool_panel_section_label: Imaging
