install_resolver_dependencies: true
install_tool_dependencies: false
tools:
- name: bia_download
  owner: bgruening
  revisions:
  - 3085096f2b99
  tool_panel_section_label: Imaging
- name: cp_cellprofiler4
  owner: bgruening
  revisions:
  - 5a810dc963f4
  - 77bc1c2e1b91
  - b333df978624
  - f0656d0f2a4d
  tool_panel_section_label: Imaging
- name: overlay_images
  owner: imgteam
  revisions:
  - 002f7bad3e82
  - 22ff7c705a83
  - 37662cbf44b8
  - 589af0005df5
  - 8dc02c854048
  - b74693340624
  - bf590a9733ed
  - ca362a9bfa20
  tool_panel_section_label: Imaging
- name: color_deconvolution
  owner: imgteam
  revisions:
  - 8aa6e767f737
  - be70a57d7174
  tool_panel_section_label: Imaging
- name: 2d_histogram_equalization
  owner: imgteam
  revisions:
  - 3f3783846dc0
  - 70316d792fc9
  - 77f7159d775a
  - b1c2c210813c
  tool_panel_section_label: Imaging
- name: 2d_simple_filter
  owner: imgteam
  revisions:
  - 6c4b22ef2b81
  - d51310ab328a
  - dba87c4b32d3
  - f264ae82f735
  - f70b215d155c
  tool_panel_section_label: Imaging
- name: anisotropic_diffusion
  owner: imgteam
  revisions:
  - 097b803aeb5d
  - 17d3cfba9b5a
  - 6ad5de2c5b7c
  - d13e26f576bc
  - e6987afa0484
  tool_panel_section_label: Imaging
- name: 2d_auto_threshold
  owner: imgteam
  revisions:
  - 0c777d708acc
  - 3df9f0a4bf34
  - 4853fc2b50bf
  - 699a5e9146b3
  - 81f0cbca04a7
  - 8bccb36e055a
  - d4da97f51700
  - e5c8e7e72373
  tool_panel_section_label: Imaging
- name: 2d_local_threshold
  owner: imgteam
  revisions:
  - 497dcd834bb3
  - a20c14eb5f98
  - be2d3ce89c0f
  - c90b91f4a07b
  tool_panel_section_label: Imaging
- name: orientationpy
  owner: imgteam
  revisions:
  - 214f548481eb
  - cc8fe984ec3e
  - df211f6b5cf2
  tool_panel_section_label: Imaging
- name: segmetrics
  owner: imgteam
  revisions:
  - 4512751bccca
  - 462f49860277
  - 7989264b5780
  - ac55e2f4d9e3
  - b6e88e7bf2fa
  - c496306c1cba
  tool_panel_section_label: Imaging
- name: superdsm
  owner: imgteam
  revisions:
  - 1b0fc671187f
  - 244f67290d28
  - 700ae37e5c69
  - 79ec3263686a
  - 7fd8dba15bd3
  - 9b4830300f3a
  - dc5f72f6b1e9
  tool_panel_section_label: Imaging
- name: rfove
  owner: imgteam
  revisions:
  - d10a46ef77d3
  - ddff439fac16
  - e438d87ef91a
  tool_panel_section_label: Imaging
- name: plantseg
  owner: imgteam
  revisions:
  - e59c0e930b1f
  tool_panel_section_label: Imaging
- name: colorize_labels
  owner: imgteam
  revisions:
  - 2d1de6e7b113
  - 3aa2d054848a
  - 43c80f3c3b60
  - 5907be5a8d7c
  tool_panel_section_label: Imaging
- name: label_to_binary
  owner: imgteam
  revisions:
  - 5da15c3bafed
  tool_panel_section_label: Imaging
- name: repeat_channels
  owner: imgteam
  revisions:
  - 7cdb50fee601
  tool_panel_section_label: Imaging
- name: landmark_registration
  owner: imgteam
  revisions:
  - 02aa2873e67d
  - 12997d4c5b00
  - 4e089a0983b1
  - 9ccd642e7ae2
  - a71239f3543a
  - aee73493bf53
  - b0503eec7bd6
  tool_panel_section_label: Imaging
- name: landmark_registration_ls
  owner: imgteam
  revisions:
  - 2f36165c49fb
  - 69db8c7d4244
  tool_panel_section_label: Imaging
- name: image_registration_affine
  owner: imgteam
  revisions:
  - 5030651c2993
  - 77dc68af2b40
  - e34222a620d4
  - fa769715b6b0
  tool_panel_section_label: Imaging
- name: projective_transformation
  owner: imgteam
  revisions:
  - 17f5d0c3f8a3
  - 1ffdb07020ee
  - 2f504e075496
  - 37b079c98c38
  - 6a8ae8cd7167
  - 974cf4357707
  - be9a815e2240
  - f5744f0e5a81
  tool_panel_section_label: Imaging
- name: projective_transformation_points
  owner: imgteam
  revisions:
  - 3a686b6aa7fc
  - 499ad4d9aa13
  - 65e95d0b8838
  - a84822a0060c
  - aaac58d83043
  - ed8a71e13f7b
  - f1744c5654b9
  tool_panel_section_label: Imaging
- name: spot_detection_2d
  owner: imgteam
  revisions:
  - 14f9986800fa
  - 4645b356bf3b
  - 859dd1c11ac0
  - a9972c993bed
  - d78372040976
  - e8c9e104e109
  tool_panel_section_label: Imaging
- name: points_association_nn
  owner: imgteam
  revisions:
  - 65210e69cf95
  - b30aa285ac0a
  - f3fad67af22c
  - fd4293bee0dc
  tool_panel_section_label: Imaging
- name: curve_fitting
  owner: imgteam
  revisions:
  - 004c57179c61
  - 00feb1ecd040
  - 2dc244356765
  - c54cf4ce6baf
  - e0af18405e37
  tool_panel_section_label: Imaging
- name: imagecoordinates_flipaxis
  owner: imgteam
  revisions:
  - 5a210baa2ff1
  - 984b342d03a6
  - d0960e1b25a8
  - f8f1100d0701
  tool_panel_section_label: Imaging
- name: 2d_split_binaryimage_by_watershed
  owner: imgteam
  revisions:
  - 5e21d7342593
  - f8f7987586b7
  tool_panel_section_label: Imaging
- name: 2d_filter_segmentation_by_features
  owner: imgteam
  revisions:
  - 6ad1d3cfdea1
  - 8f76184ca03f
  - 9d47aabda459
  - e576b73a2e2f
  tool_panel_section_label: Imaging
- name: binary2labelimage
  owner: imgteam
  revisions:
  - 6c92ac9ce868
  - 6e65fd971e13
  - 984358e43242
  - 9bb446db4a1e
  - b97a362ff321
  tool_panel_section_label: Imaging
- name: binaryimage2points
  owner: imgteam
  revisions:
  - cb1eaebdb4c4
  - f38f42d55813
  tool_panel_section_label: Imaging
- name: mergeneighboursinlabelimage
  owner: imgteam
  revisions:
  - 07ac39c0e949
  - 9cbddb13fb9e
  - c6a6ab7c9940
  tool_panel_section_label: Imaging
- name: scale_image
  owner: imgteam
  revisions:
  - 3179853faae9
  - 3e4231ed875e
  - 72b8a6b7661b
  - 85666e555698
  - c4c76f1ebad2
  - d09507d3fb0e
  - f3c05a734dd1
  tool_panel_section_label: Imaging
- name: slice_image
  owner: imgteam
  revisions:
  - 1faa7e3c94ff
  - 8856a7c85e4c
  - a72590196440
  - aacfbd7c4af6
  - f312d414f234
  tool_panel_section_label: Imaging
- name: split_labelmap
  owner: imgteam
  revisions:
  - 0e7be7c35f15
  - 597b7ef44b05
  - 7a2e2e3cf836
  - 9db1c22dbe17
  tool_panel_section_label: Imaging
- name: concat_channels
  owner: imgteam
  revisions:
  - 212627bfb759
  - 2592a29a785e
  - 30517f733f7b
  - 4c43875c790c
  - d42501109c05
  tool_panel_section_label: Imaging
- name: points2binaryimage
  owner: imgteam
  revisions:
  - 2ad6350df85b
  - 5411384e5e1d
  - 90385ec28b34
  - a80f92ec6f89
  - dd513c9f5230
  tool_panel_section_label: Imaging
- name: points2labelimage
  owner: imgteam
  revisions:
  - 30ca5d5d03ec
  - 9bd039f46843
  - de611b3b5ae8
  tool_panel_section_label: Imaging
- name: labelimage2points
  owner: imgteam
  revisions:
  - 07525a7d9ea0
  - 39e6d6a84257
  - 3b7460735223
  tool_panel_section_label: Imaging
- name: permutate_axis
  owner: imgteam
  revisions:
  - 0bbe34198e24
  - 5b82f2186244
  - 7e7215e721af
  - 91e255c78eb5
  tool_panel_section_label: Imaging
- name: mahotas_features
  owner: imgteam
  revisions:
  - 0c76d029dbe3
  - 7f3d9a1a0447
  tool_panel_section_label: Imaging
- name: 2d_feature_extraction
  owner: imgteam
  revisions:
  - 0a53256b48c6
  - 2436a8807ad1
  - 5791a7f65275
  - 5bc8cdc17fd0
  - 6fdb3542a406
  - 96909b9d1df1
  - f03b4da203d0
  tool_panel_section_label: Imaging
- name: count_objects
  owner: imgteam
  revisions:
  - 5bf8eb50b280
  - 664232d2a3f7
  - 895a29ebd0c7
  - b58447a2eed2
  tool_panel_section_label: Imaging
- name: coordinates_of_roi
  owner: imgteam
  revisions:
  - 00175f4a2bbb
  - 02a686fc1654
  - 0d30ffea8874
  - 24d9bd16c953
  - ee045a6bbdef
  tool_panel_section_label: Imaging
- name: detection_viz
  owner: imgteam
  revisions:
  - 3f738d5d91bf
  - 99433164b593
  - cb2d9de888a1
  - ec1ca4d62192
  - f46f64f9590d
  tool_panel_section_label: Imaging
- name: colocalization_viz
  owner: imgteam
  revisions:
  - 0f8652663a03
  - 9ddb11b272ee
  - c73332d5c3bb
  - fc85eb253163
  tool_panel_section_label: Imaging
- name: overlay_moving_and_fixed_image
  owner: imgteam
  revisions:
  - 165a9330fc90
  - b4fc6e09e576
  - bc324ec66719
  tool_panel_section_label: Imaging
- name: overlay_segmentation_mask
  owner: imgteam
  revisions:
  - 22e573b7dcb1
  - 63b2a10b1001
  - 8ad39f493587
  tool_panel_section_label: Imaging
- name: wsi_extract_top_view
  owner: imgteam
  revisions:
  - 3bd767eee603
  - a1d02d2e814a
  - cfe88c6041e9
  tool_panel_section_label: Imaging
- name: visceral_evaluatesegmentation
  owner: imgteam
  revisions:
  - 4d042d197ac3
  - 8c1a805c2fc5
  - d098aed00229
  tool_panel_section_label: Imaging
- name: voronoi_tesselation
  owner: imgteam
  revisions:
  - 1944b0fccdbd
  - 8b74843c136e
  - e7fdea8385f0
  tool_panel_section_label: Imaging
- name: bfconvert
  owner: imgteam
  revisions:
  - 10eed33aa9b2
  - 85edbb7a436b
  - b07f4839ca77
  - f3360fbeda64
  - fcadded98e61
  tool_panel_section_label: Imaging
- name: image_info
  owner: imgteam
  revisions:
  - 236ec78b2e53
  - 7b6d9412c7f8
  - 8c25d4ff0b51
  - f8b4eada923c
  tool_panel_section_label: Imaging
- name: imagej2_binary_to_edm
  owner: imgteam
  revisions:
  - 182994b12622
  - 33f6b1f921e7
  - 91b8f4730a93
  - f62303e87275
  tool_panel_section_label: Imaging
- name: imagej2_bunwarpj_compare_elastic_raw
  owner: imgteam
  revisions:
  - 1bffabc15695
  - 2be338fc671e
  - 3d5f59603e13
  - da91b5eaf92d
  tool_panel_section_label: Imaging
- name: imagej2_bunwarpj_compose_raw_elastic
  owner: imgteam
  revisions:
  - 1bf7e70e67f9
  - 4deffc9540a3
  - 8d357579e407
  - bdc70b34153a
  tool_panel_section_label: Imaging
- name: imagej2_analyze_particles_binary
  owner: imgteam
  revisions:
  - 1dd5396c734a
  - 862af85a50ec
  - ae4ae9c5c56c
  - aeb9bb864b8c
  tool_panel_section_label: Imaging
- name: imagej2_skeletonize3d
  owner: imgteam
  revisions:
  - 49b5288dcd8c
  - 5f5b7185bc16
  - 768825d9034a
  - f6df6830d5ec
  tool_panel_section_label: Imaging
- name: imagej2_create_image
  owner: imgteam
  revisions:
  - 1a7c29d5fc11
  - 666af1279007
  - 69e28b06e027
  - dc3935a0165a
  tool_panel_section_label: Imaging
- name: imagej2_noise
  owner: imgteam
  revisions:
  - 3f6599ec7d30
  - 73cc4e6a741d
  - 756e062741dc
  - 7a44772cc89f
  tool_panel_section_label: Imaging
- name: imagej2_find_edges
  owner: imgteam
  revisions:
  - 5023cbf98ca3
  - 633bea9c8ee0
  - 8e608a6e44ac
  - c8dfbf4b899c
  tool_panel_section_label: Imaging
- name: imagej2_shadows
  owner: imgteam
  revisions:
  - 7baf811ed973
  - c8bb47840c8d
  - f3c9192bd0b9
  - f7ae316b00e4
  tool_panel_section_label: Imaging
- name: imagej2_bunwarpj_compose_raw
  owner: imgteam
  revisions:
  - 6c47d8a43207
  - 8c0ace7ae77c
  - 93b416f8e9e3
  - f068e9171af2
  tool_panel_section_label: Imaging
- name: imagej2_enhance_contrast
  owner: imgteam
  revisions:
  - 056e74fbbf6c
  - 1f92b1da556b
  - edfc597fb180
  - ef3de3e84817
  tool_panel_section_label: Imaging
- name: imagej2_find_maxima
  owner: imgteam
  revisions:
  - 29b39f5b0e69
  - 4409f9eb9433
  - 6a07f71806bb
  - e2622ebb5ce4
  tool_panel_section_label: Imaging
- name: imagej2_bunwarpj_align
  owner: imgteam
  revisions:
  - 0a0d2dfd17e0
  - 711adedc5bb8
  - ab54024c0a88
  - e9243cad1d67
  tool_panel_section_label: Imaging
- name: imagej2_watershed_binary
  owner: imgteam
  revisions:
  - 29aca8eebdaa
  - 5b154339fd90
  - aeae7e29d525
  - b143159845b4
  tool_panel_section_label: Imaging
- name: imagej2_bunwarpj_raw_transform
  owner: imgteam
  revisions:
  - 69e951528a0b
  - 95b7592729e2
  - aa4a5a8c4cfd
  - eabdcf6ad900
  tool_panel_section_label: Imaging
- name: imagej2_smooth
  owner: imgteam
  revisions:
  - 53fb6f4afcc8
  - 6d7dd2194b4c
  - c11777ffe5b1
  - dd20ee3092e3
  tool_panel_section_label: Imaging
- name: imagej2_analyze_skeleton
  owner: imgteam
  revisions:
  - 3272e0439968
  - 50f2b961b192
  - bb84f130a4e1
  - bdee06a1bcfa
  tool_panel_section_label: Imaging
- name: imagej2_bunwarpj_compare_elastic
  owner: imgteam
  revisions:
  - 125641435c4b
  - 42ba21dc9ea6
  - b95f87118c6f
  - f9f2d9746a01
  tool_panel_section_label: Imaging
- name: imagej2_bunwarpj_compare_raw
  owner: imgteam
  revisions:
  - 77411a986a70
  - 9349961e09ce
  - b0da913f048e
  - d17be9aef142
  tool_panel_section_label: Imaging
- name: imagej2_bunwarpj_convert_to_raw
  owner: imgteam
  revisions:
  - 0cdd96322600
  - 7f9840d3b7e7
  - 95fb6fa70c2f
  - bd2aadf0f589
  tool_panel_section_label: Imaging
- name: imagej2_make_binary
  owner: imgteam
  revisions:
  - 1cf9771e0e53
  - 6e8be21a505c
  - baa308e2533a
  - d3e8ef83f3bf
  tool_panel_section_label: Imaging
- name: imagej2_sharpen
  owner: imgteam
  revisions:
  - 418b1fa32b83
  - 49e29abe0fce
  - 4c43ba752312
  - a84f2cbf091b
  tool_panel_section_label: Imaging
- name: imagej2_bunwarpj_compose_elastic
  owner: imgteam
  revisions:
  - 423400b3c47f
  - 6840ce593a91
  - 7121957d0bbf
  - e781a17b3c14
  tool_panel_section_label: Imaging
- name: imagej2_adjust_threshold_binary
  owner: imgteam
  revisions:
  - 29a4d422f32a
  - 2b007b1e6c1b
  - da29019170f1
  - f1ba33cd9edf
  tool_panel_section_label: Imaging
- name: imagej2_math
  owner: imgteam
  revisions:
  - d426c25946d4
  - d48c999b3b96
  - d7fbe9662213
  - dbacd5d06c27
  tool_panel_section_label: Imaging
- name: imagej2_bunwarpj_elastic_transform
  owner: imgteam
  revisions:
  - 301f24849032
  - 39b2bc251b2f
  - 55bf135d6b0c
  - f72f8e6787cd
  tool_panel_section_label: Imaging
- name: imagej2_bunwarpj_adapt_transform
  owner: imgteam
  revisions:
  - 5d633d30316e
  - 706af1d7028a
  - c4774c1a35ea
  - fa64e8aed5a5
  tool_panel_section_label: Imaging
- name: unzip
  owner: imgteam
  revisions:
  - 57f0914ddb7b
  tool_panel_section_label: Collection Operations
- name: bioformats2raw
  owner: imgteam
  revisions:
  - 1b3e7d53cec6
  - 4b6c2135e547
  - 94fe1169328c
  - b32f5368e279
  tool_panel_section_label: Imaging
- name: morphological_operations
  owner: imgteam
  revisions:
  - 4e25befab102
  - ad795d260ba8
  - f10112b317a1
  tool_panel_section_label: Imaging
- name: image_math
  owner: imgteam
  revisions:
  - 33b2ca53a566
  - 48fa3ac55df2
  - f8b7770cbca5
  tool_panel_section_label: Imaging
- name: cp_cellprofiler
  owner: bgruening
  revisions:
  - 0b8f8406ee16
  - 0e4dccaafef5
  - 78a16d8c8d5e
  - a98608f3abc5
  - ba4fd9fbf924
  - e917a2424690
  - eb6c08714244
  - fca368c99299
  tool_panel_section_label: Imaging
- name: cp_common
  owner: bgruening
  revisions:
  - 0b7db679fff8
  - 27396311a314
  - 3c3cd68d6d5a
  - 6070780813d9
  - 670975e92458
  - 9c8ee01c0b22
  - e7273daa5ae2
  tool_panel_section_label: Imaging
- name: cp_color_to_gray
  owner: bgruening
  revisions:
  - 4395ea2a01f4
  - bad171ed1e96
  - e8f822eeb9fd
  tool_panel_section_label: Imaging
- name: cp_tile
  owner: bgruening
  revisions:
  - 33bf7aa4e684
  - 443638c10c61
  - 878bafb411dd
  tool_panel_section_label: Imaging
- name: cp_track_objects
  owner: bgruening
  revisions:
  - 1fd453cd757b
  - 644e5e32a83c
  - 972d2c365739
  tool_panel_section_label: Imaging
- name: cp_overlay_outlines
  owner: bgruening
  revisions:
  - 39006f6fd6bf
  - 91560258e972
  - b44b081bcf37
  tool_panel_section_label: Imaging
- name: cp_convert_objects_to_image
  owner: bgruening
  revisions:
  - 1221c018f7be
  - 2690da374874
  - 7ec682d4e4cc
  - cdf8e3c57dae
  - d9fa2e6fae97
  - df3ad3ba5c6f
  - ef4aed1d34c4
  tool_panel_section_label: Imaging
- name: cp_display_data_on_image
  owner: bgruening
  revisions:
  - 2484086dee41
  - 4e12ef887a2a
  - 5d28ac336861
  - 6a7da2e5f696
  - 7c70e5268acd
  - c49a557b4e3e
  - e46efde93815
  tool_panel_section_label: Imaging
- name: cp_enhance_or_suppress_features
  owner: bgruening
  revisions:
  - 11f177b1a59e
  - 29188f9c4ca8
  - 3f9747bda8c4
  - bace5a93a97c
  - e3243230788c
  - ee0007b3c2d2
  - f2ed92b011a9
  tool_panel_section_label: Imaging
- name: cp_export_to_spreadsheet
  owner: bgruening
  revisions:
  - 10257d6d545b
  - 72a7f23f3a79
  - c0759ca34e20
  - c956182d4e2c
  - d0178bdcd00e
  - f24c370e5ea4
  - f8fa0f6718a3
  tool_panel_section_label: Imaging
- name: cp_gray_to_color
  owner: bgruening
  revisions:
  - 31d195bedf6d
  - 3245681b2f6d
  - ad271f78a87a
  - bbf1ef17c01b
  - c72f83dbc7b5
  - d37580e3f4d0
  - e5870c434f28
  tool_panel_section_label: Imaging
- name: cp_identify_primary_objects
  owner: bgruening
  revisions:
  - 52c01fb29b2a
  - 6bf947501352
  - 87d4d92d7487
  - 993faa34333b
  - 99e493b2e951
  - b6eec6087271
  - d9bf32d13dfd
  tool_panel_section_label: Imaging
- name: cp_mask_image
  owner: bgruening
  revisions:
  - 3a05117669cf
  - 54d7d3450800
  - 667a513e67e4
  - b178453ea8d1
  - baa3e6d4d99d
  - ca1421f7e3ed
  - d1a3ebcacb7a
  tool_panel_section_label: Imaging
- name: cp_measure_granularity
  owner: bgruening
  revisions:
  - 1062c9e44147
  - 2564f461de62
  - 382413f8ec1d
  - 88dd3674c4d0
  - a1a961c46d4b
  - ac5bea85a391
  - e336ff1955a0
  tool_panel_section_label: Imaging
- name: cp_measure_image_area_occupied
  owner: bgruening
  revisions:
  - 20dbb1f7ec7b
  - 534ed7b8ca34
  - 7a08edbc790e
  - 91e03287f285
  - a32c3f810ade
  - c2d573d02afc
  - c75596eadae1
  tool_panel_section_label: Imaging
- name: cp_measure_image_intensity
  owner: bgruening
  revisions:
  - 20525bc7f6f4
  - 2681008d726f
  - 2a404d72850f
  - 5499dc6f8ac1
  - 8536b1ae0254
  - b64af54c5c09
  - e87d1fd2d673
  tool_panel_section_label: Imaging
- name: cp_measure_image_quality
  owner: bgruening
  revisions:
  - 08a2cf887a44
  - 26945c55ddff
  - 4dcd464c22ff
  - 6f4715b8540a
  - d3890df07463
  - e8a42b438de3
  - e972e07c7845
  tool_panel_section_label: Imaging
- name: cp_measure_object_intensity
  owner: bgruening
  revisions:
  - 1373b765c8f9
  - 407925835dd9
  - 4962d252b2dd
  - 980aed9e8fd5
  - ae299f107121
  - b867e9317a06
  - e52c75a28c4b
  tool_panel_section_label: Imaging
- name: cp_measure_object_size_shape
  owner: bgruening
  revisions:
  - 5c9549983af8
  - 5ef26243a4a5
  - 66408bdb2674
  - 79e10d12d90a
  - acf3aa487283
  - d85f11570109
  - eba2ec72f967
  tool_panel_section_label: Imaging
- name: cp_measure_texture
  owner: bgruening
  revisions:
  - 035a58c7f54a
  - 0f751bb492de
  - 51acaef34e47
  - 658a2a451aec
  - 80b200ae516b
  - 8f3f8c94626f
  - b76841ee5560
  tool_panel_section_label: Imaging
- name: cp_relate_objects
  owner: bgruening
  revisions:
  - 3a2cfcd7c38a
  - 3a3033222f61
  - 48102a685037
  - 8083a87d2fdf
  - b6f13e783ac5
  - f3f45c42bc36
  - f9969a97f034
  tool_panel_section_label: Imaging
- name: cp_save_images
  owner: bgruening
  revisions:
  - 27edbb90ab2b
  - 33f4fa1413fb
  - 4ecf93628f97
  - 609911f19ab2
  - 6e0f244acd32
  - 84c3bd433b96
  - a45d360ae9d9
  tool_panel_section_label: Imaging
- name: cp_image_math
  owner: bgruening
  revisions:
  - 2005f8058036
  - 6100a22bf4f2
  - 6d3851ac885f
  - c09dcda1143f
  - ff1a86a87364
  tool_panel_section_label: Imaging
- name: background_removal
  owner: imgteam
  revisions:
  - 6e9e98a7be4e
  - e2c6bedc6b73
  tool_panel_section_label: Imaging
