install_repository_dependencies: true
install_resolver_dependencies: true
install_tool_dependencies: false
tools:
- name: sam_to_bam
  owner: devteam
  revisions:
  - 30fdbaccb96b
  - cf1ffd88f895
  tool_panel_section_label: SAM/BAM
- name: bam_to_sam
  owner: devteam
  revisions:
  - 88eedb4abea0
  - dc20f447c0e2
  tool_panel_section_label: SAM/BAM
- name: samtools_filter
  owner: jjohnson
  revisions:
  - 9710e9bcc5f3
  tool_panel_section_label: SAM/BAM
- name: sam_bitwise_flag_filter
  owner: devteam
  revisions:
  - 0b2424a404d9
  tool_panel_section_label: SAM/BAM
- name: samtools_sort
  owner: iuc
  revisions:
  - 38ea74bd4054
  - 80fffde691eb
  tool_panel_section_label: SAM/BAM
