install_repository_dependencies: true
install_resolver_dependencies: true
install_tool_dependencies: false
tools:
- name: cif2cell
  owner: muon-spectroscopy-computational-project
  revisions:
  - a2583fac03ab
  tool_panel_section_label: Muon Spectroscopy
- name: muspinsim_config
  owner: muon-spectroscopy-computational-project
  revisions:
  - 52d3a28902e8
  tool_panel_section_label: Muon Spectroscopy
- name: muspinsim
  owner: muon-spectroscopy-computational-project
  revisions:
  - b30217097125
  tool_panel_section_label: Muon Spectroscopy
- name: muspinsim_plot
  owner: muon-spectroscopy-computational-project
  revisions:
  - b53cbb8ad124
  tool_panel_section_label: Muon Spectroscopy
- name: pm_asephonons
  owner: muon-spectroscopy-computational-project
  revisions:
  - 641fda3dfb62
  tool_panel_section_label: Muon Spectroscopy
- name: pm_symmetry
  owner: muon-spectroscopy-computational-project
  revisions:
  - d8146a73b011
  tool_panel_section_label: Muon Spectroscopy
- name: pm_yaml_config
  owner: muon-spectroscopy-computational-project
  revisions:
  - 6f271bc31aa8
  tool_panel_section_label: Muon Spectroscopy
- name: pm_muairss_write
  owner: muon-spectroscopy-computational-project
  revisions:
  - 150301c057b0
  tool_panel_section_label: Muon Spectroscopy
- name: pm_uep_opt
  owner: muon-spectroscopy-computational-project
  revisions:
  - 8f41a71fc710
  tool_panel_section_label: Muon Spectroscopy
- name: pm_dftb_opt
  owner: muon-spectroscopy-computational-project
  revisions:
  - 23cb25b1d776
  tool_panel_section_label: Muon Spectroscopy
- name: pm_muairss_read
  owner: muon-spectroscopy-computational-project
  revisions:
  - eb6382889b92
  tool_panel_section_label: Muon Spectroscopy
