install_repository_dependencies: true
install_resolver_dependencies: true
install_tool_dependencies: false
tools:
- name: cif2cell
  owner: muon-spectroscopy-computational-project
  revisions:
  - 60ad7a4f1faf
  - a2583fac03ab
  - e5f1ac42b063
  tool_panel_section_label: Muon Spectroscopy
- name: muspinsim_config
  owner: muon-spectroscopy-computational-project
  revisions:
  - 331d0776abb4
  - 52d3a28902e8
  - e1e338f56656
  tool_panel_section_label: Muon Spectroscopy
- name: muspinsim
  owner: muon-spectroscopy-computational-project
  revisions:
  - 136ed45d1ea9
  - b30217097125
  - e002cee8f707
  tool_panel_section_label: Muon Spectroscopy
- name: muspinsim_combine
  owner: muon-spectroscopy-computational-project
  revisions:
  - 06aabd70b869
  tool_panel_section_label: Muon Spectroscopy
- name: muspinsim_plot
  owner: muon-spectroscopy-computational-project
  revisions:
  - b53cbb8ad124
  - d7a0a31760b1
  - e15e8800c39e
  tool_panel_section_label: Muon Spectroscopy
- name: pm_asephonons
  owner: muon-spectroscopy-computational-project
  revisions:
  - 641fda3dfb62
  - dd3ca8457fcd
  - fd28cbdb134e
  tool_panel_section_label: Muon Spectroscopy
- name: pm_symmetry
  owner: muon-spectroscopy-computational-project
  revisions:
  - 620ab6826b9b
  - c062cefbb20f
  - d8146a73b011
  tool_panel_section_label: Muon Spectroscopy
- name: pm_yaml_config
  owner: muon-spectroscopy-computational-project
  revisions:
  - 2d9b2ffec9d5
  - 6f271bc31aa8
  tool_panel_section_label: Muon Spectroscopy
- name: pm_muairss_write
  owner: muon-spectroscopy-computational-project
  revisions:
  - 150301c057b0
  - 8e5dbded3070
  tool_panel_section_label: Muon Spectroscopy
- name: pm_uep_opt
  owner: muon-spectroscopy-computational-project
  revisions:
  - 523d44fcd03f
  - 8f41a71fc710
  - eea73e1f65cb
  tool_panel_section_label: Muon Spectroscopy
- name: pm_dftb_opt
  owner: muon-spectroscopy-computational-project
  revisions:
  - 23cb25b1d776
  - 6a99165bb7ca
  tool_panel_section_label: Muon Spectroscopy
- name: pm_muairss_read
  owner: muon-spectroscopy-computational-project
  revisions:
  - 276a25ab05f2
  - 40071ff77285
  - eb6382889b92
  tool_panel_section_label: Muon Spectroscopy
- name: mudirac
  owner: muon-spectroscopy-computational-project
  revisions:
  - eaf0f01cc0f6
  tool_panel_section_label: Muon Spectroscopy
