install_repository_dependencies: true
install_resolver_dependencies: true
install_tool_dependencies: false
tools:
- name: msnbase_readmsdata
  owner: lecorguille
  revisions:
  - 11ab2081bd4a
  - 6de175c1f6ef
  - 86a20118e743
  tool_panel_section_label: Metabolomics
- name: genform
  owner: workflow4metabolomics
  revisions:
  - 963722c4e1da
  tool_panel_section_label: Metabolomics
- name: xcms_xcmsset
  owner: lecorguille
  revisions:
  - 15646e937936
  - 3bd53dcfa438
  - 6550698fe60f
  - b02d1992a43a
  tool_panel_section_label: Metabolomics
- name: xcms_plot_chromatogram
  owner: lecorguille
  revisions:
  - 024974037c4e
  - 271c9d5f0d10
  - c8bef8f6a1cb
  tool_panel_section_label: Metabolomics
- name: xcms_merge
  owner: lecorguille
  revisions:
  - 47f9b1fd5ce6
  - 5bd125a3f3b0
  - 6d475a389abc
  - a301f001835c
  tool_panel_section_label: Metabolomics
- name: xcms_group
  owner: lecorguille
  revisions:
  - 71572faf938e
  - 9e45e1c404a4
  - d45a786cbc40
  - fe4002ac5193
  tool_panel_section_label: Metabolomics
- name: xcms_refine
  owner: workflow4metabolomics
  revisions:
  - 090b33a9981c
  - eb115eb8f25c
  tool_panel_section_label: Metabolomics
- name: xcms_retcor
  owner: lecorguille
  revisions:
  - 4bfef820569b
  - 7faadba7c625
  - aa252eec9229
  - d2b82d89f848
  tool_panel_section_label: Metabolomics
- name: xcms_fillpeaks
  owner: lecorguille
  revisions:
  - 26d77e9ceb49
  - 3bc94c3abb28
  - de0d85537ee3
  - ec9aebabc1d2
  tool_panel_section_label: Metabolomics
- name: camera_annotate
  owner: lecorguille
  revisions:
  - 1c30ff90f3ae
  - 3d63a762954a
  - 73d82de36369
  tool_panel_section_label: Metabolomics
- name: xcms_summary
  owner: lecorguille
  revisions:
  - 018a9771de28
  - 27e7da5f6848
  - 444e3ed135e3
  - acc0a4a366c1
  tool_panel_section_label: Metabolomics
- name: camera_combinexsannos
  owner: mmonsoor
  revisions:
  - 198b035d4848
  - 961089e21ae2
  tool_panel_section_label: Metabolomics
- name: mspurity_flagremove
  owner: computational-metabolomics
  revisions:
  - 816bac69e03e
  - 8dcfbb7f917a
  tool_panel_section_label: Metabolomics
- name: mspurity_puritya
  owner: computational-metabolomics
  revisions:
  - 3d6356bcf998
  - 416460f611cc
  tool_panel_section_label: Metabolomics
- name: mspurity_frag4feature
  owner: computational-metabolomics
  revisions:
  - 31f64ff8320d
  - 61ebae7e09f5
  tool_panel_section_label: Metabolomics
- name: mspurity_filterfragspectra
  owner: computational-metabolomics
  revisions:
  - 0a0f22586cad
  - 1e6b7c4d99cd
  tool_panel_section_label: Metabolomics
- name: mspurity_averagefragspectra
  owner: computational-metabolomics
  revisions:
  - 406ae6769162
  - 4207233ead9c
  tool_panel_section_label: Metabolomics
- name: mspurity_createdatabase
  owner: computational-metabolomics
  revisions:
  - 600a866a510c
  - fa84bfaab681
  tool_panel_section_label: Metabolomics
- name: mspurity_createmsp
  owner: computational-metabolomics
  revisions:
  - d1d73007a255
  - f98b4bb0fa58
  tool_panel_section_label: Metabolomics
- name: mspurity_dimspredictpuritysingle
  owner: computational-metabolomics
  revisions:
  - 3959cddb01a6
  - b563d5fe4fc0
  tool_panel_section_label: Metabolomics
- name: mspurity_purityx
  owner: computational-metabolomics
  revisions:
  - 0f646a3e0a3f
  - d84cc9960035
  tool_panel_section_label: Metabolomics
- name: dimspy_process_scans
  owner: computational-metabolomics
  revisions:
  - bc099f2346a1
  - deafa30d6570
  tool_panel_section_label: Metabolomics
- name: dimspy_replicate_filter
  owner: computational-metabolomics
  revisions:
  - 0cdf340364ed
  - 6cb796aa12c8
  tool_panel_section_label: Metabolomics
- name: dimspy_align_samples
  owner: computational-metabolomics
  revisions:
  - 7b6f148bd99f
  - c72868b80c29
  tool_panel_section_label: Metabolomics
- name: dimspy_blank_filter
  owner: computational-metabolomics
  revisions:
  - 109c81a4138f
  - c2078c6d019d
  tool_panel_section_label: Metabolomics
- name: dimspy_sample_filter
  owner: computational-metabolomics
  revisions:
  - cd489cbd4d1c
  - d2f75a01c428
  tool_panel_section_label: Metabolomics
- name: dimspy_missing_values_sample_filter
  owner: computational-metabolomics
  revisions:
  - 2cf12cd2c53a
  - 763f27eb2d9d
  tool_panel_section_label: Metabolomics
- name: dimspy_hdf5_to_txt
  owner: computational-metabolomics
  revisions:
  - 1b254abecb4a
  - ea439d85b6c5
  tool_panel_section_label: Metabolomics
- name: dimspy_get_peaklists
  owner: computational-metabolomics
  revisions:
  - 657c7f8f26b5
  - ce1dd96a9ac7
  tool_panel_section_label: Metabolomics
- name: dimspy_merge_peaklists
  owner: computational-metabolomics
  revisions:
  - 50ec7a43cb62
  - 8edfa0f2b1ea
  tool_panel_section_label: Metabolomics
- name: profia
  owner: ethevenot
  revisions:
  - 39ccace77270
  - de9d1270a9ae
  tool_panel_section_label: Metabolomics
- name: metams_rungc
  owner: yguitton
  revisions:
  - 2066efbafd7c
  - 93508ea69eb5
  - c75532b75ba1
  tool_panel_section_label: Metabolomics
- name: nmr_preprocessing
  owner: marie-tremblay-metatoul
  revisions:
  - 5b06800f3449
  - 68e2d63bece0
  - 6e837e9352a2
  tool_panel_section_label: Metabolomics
- name: nmr_alignment
  owner: marie-tremblay-metatoul
  revisions:
  - 265ee538e120
  - d690c5ad932f
  tool_panel_section_label: Metabolomics
- name: nmr_bucketing
  owner: marie-tremblay-metatoul
  revisions:
  - 1df0b8efe9fc
  - 4d5c06b46c2f
  tool_panel_section_label: Metabolomics
- name: batchcorrection
  owner: melpetera
  revisions:
  - 016780b192a6
  - 23314e1192d4
  - 73892ef177e3
  tool_panel_section_label: Metabolomics
- name: normalization
  owner: marie-tremblay-metatoul
  revisions:
  - 221cbd549c40
  - 3d00a98974b7
  - f9554d5bb47e
  tool_panel_section_label: Metabolomics
- name: transformation
  owner: ethevenot
  revisions:
  - cc0e9eff0de2
  tool_panel_section_label: Metabolomics
- name: qualitymetrics
  owner: ethevenot
  revisions:
  - 6d3b7b6573d8
  - acdf51018708
  tool_panel_section_label: Metabolomics
- name: withinvariation
  owner: yguitton
  revisions:
  - 5086ad0c0992
  tool_panel_section_label: Metabolomics
- name: univariate
  owner: ethevenot
  revisions:
  - 140290de7986
  - 5687435b182c
  tool_panel_section_label: Metabolomics
- name: multivariate
  owner: ethevenot
  revisions:
  - 5526f8258e8a
  - e91de3b04320
  tool_panel_section_label: Metabolomics
- name: anova
  owner: lecorguille
  revisions:
  - 102049093b7d
  tool_panel_section_label: Statistics
- name: mixmodel4repeated_measures
  owner: jfrancoismartin
  revisions:
  - 1422de181204
  - a3147e3d66e2
  tool_panel_section_label: Metabolomics
- name: asca
  owner: marie-tremblay-metatoul
  revisions:
  - 93312041f1d5
  tool_panel_section_label: Metabolomics
- name: biosigner
  owner: ethevenot
  revisions:
  - b2414be87d4b
  - fa80bd02055f
  tool_panel_section_label: Metabolomics
- name: corr_table
  owner: melpetera
  revisions:
  - 2173ad5e7750
  - b22c453e4cf4
  tool_panel_section_label: Metabolomics
- name: heatmap
  owner: ethevenot
  revisions:
  - b1667c118127
  tool_panel_section_label: Metabolomics
- name: hmdb_ms_search
  owner: fgiacomoni
  revisions:
  - 29195cb5d378
  - 505956db90c5
  - 63ba1cb240b7
  tool_panel_section_label: Metabolomics
- name: bank_inhouse
  owner: fgiacomoni
  revisions:
  - 52798007c6b2
  tool_panel_section_label: Metabolomics
- name: lipidmaps_textsearch
  owner: fgiacomoni
  revisions:
  - f4e6b77c46e3
  tool_panel_section_label: Metabolomics
- name: massbank_ws_searchspectrum
  owner: fgiacomoni
  revisions:
  - 023c380900ef
  tool_panel_section_label: Metabolomics
- name: lcmsmatching
  owner: prog
  revisions:
  - f86fec07f392
  - fb9c0409d85c
  tool_panel_section_label: Metabolomics
- name: golm_ws_lib_search
  owner: fgiacomoni
  revisions:
  - 11779b6402bc
  - 28d579fa1718
  tool_panel_section_label: Metabolomics
- name: mspurity_spectralmatching
  owner: computational-metabolomics
  revisions:
  - 01cbb99bca13
  - 4db043151468
  tool_panel_section_label: Metabolomics
- name: metfrag
  owner: computational-metabolomics
  revisions:
  - f151ee133612
  - fd5c0b39569a
  tool_panel_section_label: Metabolomics
- name: metfrag_vis
  owner: computational-metabolomics
  revisions:
  - 3dbe79671820
  tool_panel_section_label: Metabolomics
- name: sirius_csifingerid
  owner: computational-metabolomics
  revisions:
  - 8dac4cef0a22
  - 9e6bf7278257
  tool_panel_section_label: Metabolomics
- name: nmr_annotation
  owner: marie-tremblay-metatoul
  revisions:
  - 0ff2d9211ebe
  tool_panel_section_label: Metabolomics
- name: xcms_export_samplemetadata
  owner: lecorguille
  revisions:
  - 4ea32e46b2d6
  - f39cd33a73a6
  tool_panel_section_label: Metabolomics
- name: generic_filter
  owner: melpetera
  revisions:
  - 12cf1eed21f4
  - b1fa45bd2b44
  - cfd7c4aa5c26
  tool_panel_section_label: Metabolomics
- name: tablemerge
  owner: melpetera
  revisions:
  - 902ab790fb7b
  - e44c5246247a
  tool_panel_section_label: Metabolomics
- name: checkformat
  owner: ethevenot
  revisions:
  - e194eec8e70c
  - e7c5811ec12f
  tool_panel_section_label: Metabolomics
- name: intensity_checks
  owner: melpetera
  revisions:
  - bdee2c2c484b
  - ec75de7f1e08
  tool_panel_section_label: Metabolomics
- name: idchoice
  owner: melpetera
  revisions:
  - b7a6a88f518a
  - bb19b1d15732
  tool_panel_section_label: Metabolomics
- name: w4mclassfilter
  owner: eschen42
  revisions:
  - 191a720488ce
  - 38f509903a0b
  - 649cb1bafd3e
  - 87ec0d3c2266
  - 9f5c0e23c205
  - aae9fa9a7d4d
  - c18040b6e8b9
  tool_panel_section_label: Metabolomics
- name: w4mjoinpn
  owner: eschen42
  revisions:
  - dcfaffec48c8
  tool_panel_section_label: Metabolomics
- name: w4mcorcov
  owner: eschen42
  revisions:
  - 06c51af11531
  - 2ae2d26e3270
  - 90708fdbc22d
  - ddaf84e15d06
  - ddcc33ff3205
  tool_panel_section_label: Metabolomics
- name: msconvert
  owner: galaxyp
  revisions:
  - 6153e8ada1ee
  - 9ec469ff191a
  - ab6c14374bc0
  tool_panel_section_label: Convert Formats
- name: thermo_raw_file_converter
  owner: galaxyp
  revisions:
  - 19e45916daf9
  - 77a18a61aeed
  tool_panel_section_label: Convert Formats
- name: msms_extractor
  owner: galaxyp
  revisions:
  - 4bef80b09854
  tool_panel_section_label: Convert Formats
- name: isoplot
  owner: workflow4metabolomics
  revisions:
  - dd3e046a72ad
  tool_panel_section_label: Metabolomics
- name: skyline2isocor
  owner: workflow4metabolomics
  revisions:
  - cdb4564fcb68
  tool_panel_section_label: Metabolomics
