install_repository_dependencies: true
install_resolver_dependencies: true
install_tool_dependencies: false
tools:
- name: uniprotxml_downloader
  owner: galaxyp
  revisions:
  - e1abc9a35c64
  tool_panel_section_label: Get Data
- name: dbbuilder
  owner: galaxyp
  revisions:
  - a85fbebe8b2f
  tool_panel_section_label: Get Data
- name: unipept
  owner: galaxyp
  revisions:
  - 34758ab8aaa4
  tool_panel_section_label: Get Data
- name: map_peptides_to_bed
  owner: galaxyp
  revisions:
  - 78b8213e122d
  tool_panel_section_label: Convert Formats
- name: idconvert
  owner: galaxyp
  revisions:
  - 9e6e840d6b52
  tool_panel_section_label: Convert Formats
- name: idpquery
  owner: galaxyp
  revisions:
  - 42dc8e9e58d8
  - 66c38e74d1ae
  tool_panel_section_label: Convert Formats
- name: thermo_raw_file_converter
  owner: galaxyp
  revisions:
  - edbeb2956484
  tool_panel_section_label: Convert Formats
- name: msconvert_nix
  owner: galaxyp
  revisions:
  - c9b96a178758
  tool_panel_section_label: Convert Formats
- name: msconvert
  owner: galaxyp
  revisions:
  - dd4ba10d0c45
  tool_panel_section_label: Convert Formats
- name: fasta_merge_files_and_filter_unique_sequences
  owner: galaxyp
  revisions:
  - 9ad0d336e5ed
  tool_panel_section_label: FASTA/FASTQ manipulation
- name: peptideshaker
  owner: galaxyp
  revisions:
  - 78fad25eff17
  tool_panel_section_label: Proteomics
- name: lfq_protein_quant
  owner: galaxyp
  revisions:
  - bb199421f731
  tool_panel_section_label: Proteomics
- name: quantp
  owner: galaxyp
  revisions:
  - 75faf9a89f5b
  tool_panel_section_label: Proteomics
- name: hardklor
  owner: galaxyp
  revisions:
  - 539f157784e7
  tool_panel_section_label: Proteomics
- name: morpheus
  owner: galaxyp
  revisions:
  - e0104a9f20f0
  tool_panel_section_label: Proteomics
- name: msgfplus
  owner: galaxyp
  revisions:
  - b4ccaf21855d
  - 09e0ae6f661b
  - 58f9cf0de6d4
  - ee56530a559f
  tool_panel_section_label: Proteomics
- name: decoyfasta
  owner: galaxyp
  revisions:
  - c15d72720643
  tool_panel_section_label: Proteomics
- name: suite_openms
  owner: galaxyp
  revisions:
  - a06f14681ead
  tool_panel_section_label: Proteomics
- name: blastxml_to_tabular_selectable
  owner: galaxyp
  revisions:
  - 5da5dcc5e13a
  tool_panel_section_label: Proteomics
- name: suite_query_tabular
  owner: iuc
  revisions:
  - 0b50524a01e6
  tool_panel_section_label: Proteomics
- name: maldi_quant_preprocessing
  owner: galaxyp
  revisions:
  - 0892a051eb17
  tool_panel_section_label: Proteomics
- name: maldi_quant_peak_detection
  owner: galaxyp
  revisions:
  - eaaa73b043e6
  tool_panel_section_label: Proteomics
- name: cardinal_filtering
  owner: galaxyp
  revisions:
  - a2988d8d4b77
  tool_panel_section_label: Proteomics
- name: cardinal_segmentations
  owner: galaxyp
  revisions:
  - e56a955cd1c0
  tool_panel_section_label: Proteomics
- name: cardinal_data_exporter
  owner: galaxyp
  revisions:
  - 28ba52c9548c
  tool_panel_section_label: Proteomics
- name: cardinal_classification
  owner: galaxyp
  revisions:
  - 2fdbbb1be2b0
  tool_panel_section_label: Proteomics
- name: cardinal_mz_images
  owner: galaxyp
  revisions:
  - 2ba12c97f7cc
  tool_panel_section_label: Proteomics
- name: cardinal_quality_report
  owner: galaxyp
  revisions:
  - 5f18275c250a
  tool_panel_section_label: Proteomics
- name: cardinal_preprocessing
  owner: galaxyp
  revisions:
  - 8c05a34f160a
  tool_panel_section_label: Proteomics
- name: cardinal_spectra_plots
  owner: galaxyp
  revisions:
  - 9c03e7a617cd
  tool_panel_section_label: Proteomics
- name: cardinal_combine
  owner: galaxyp
  revisions:
  - 93be1d20b5c3
  tool_panel_section_label: Proteomics
- name: eggnog_mapper
  owner: galaxyp
  revisions:
  - a37df6f6b869
  - 3c7c9396daaa
  tool_panel_section_label: Proteomics
- name: protein_properties
  owner: bgruening
  revisions:
  - cd211b8c2e51
  tool_panel_section_label: Proteomics
- name: myrimatch
  owner: galaxyp
  revisions:
  - a039a8d4c7e0
  tool_panel_section_label: Proteomics
- name: idpqonvert
  owner: galaxyp
  revisions:
  - fb6ce5041417
  tool_panel_section_label: Proteomics
- name: idpassemble
  owner: galaxyp
  revisions:
  - 39eaac8f3f42
  tool_panel_section_label: Proteomics
- name: idpquery
  owner: galaxyp
  revisions:
  - 42dc8e9e58d8
  - 66c38e74d1ae
  tool_panel_section_label: Proteomics
- name: proteomics_moff
  owner: galaxyp
  revisions:
  - b4098353ee73
  - 28b65ce1a091
  tool_panel_section_label: Proteomics
