install_repository_dependencies: true
install_resolver_dependencies: true
install_tool_dependencies: false
tools:
- name: qiime2__vizard__lineplot
  owner: q2d2
  revisions:
  - 0b666cc4e746
  - 6f57b18f8aef
  - d18e90f69613
  - df9f1ff48c29
  tool_panel_section_label: QIIME 2
- name: qiime2__vizard__heatmap
  owner: q2d2
  revisions:
  - 22ccbc29ea30
  - 45c348a09fa0
  - 91db037bcfaf
  - ff6bc1bb5c9c
  tool_panel_section_label: QIIME 2
- name: qiime2__vizard__scatterplot_2d
  owner: q2d2
  revisions:
  - 228e90d03b6c
  - 99c30b5f90bb
  - acada7129b61
  - c3540e222d97
  tool_panel_section_label: QIIME 2
- name: qiime2__vizard__boxplot
  owner: q2d2
  revisions:
  - 751a2433f1cc
  - 765052908e52
  - ad23d59c35fb
  - ee2831f791a2
  tool_panel_section_label: QIIME 2
- name: qiime2__stats__collate_stats
  owner: q2d2
  revisions:
  - 10e19418eedb
  - 18f68bb3980b
  - 21a10071136e
  - c7f0375dcd87
  tool_panel_section_label: QIIME 2
- name: qiime2__stats__wilcoxon_srt
  owner: q2d2
  revisions:
  - 2b51fb59a605
  - 3cbec5fc30ad
  - 5b5c7adbe67e
  - a6ac888f23fb
  tool_panel_section_label: QIIME 2
- name: qiime2__stats__plot_rainclouds
  owner: q2d2
  revisions:
  - 0699c24331f4
  - 7e98115bf364
  - d8f5637f7e07
  - f80d84d8ce8b
  tool_panel_section_label: QIIME 2
- name: qiime2__stats__wilcoxon_srt_facet
  owner: q2d2
  revisions:
  - 181c3cf66bd8
  - 716490dd0182
  - 8305555fcc10
  - d680348a37cb
  tool_panel_section_label: QIIME 2
- name: qiime2__stats__facet_across
  owner: q2d2
  revisions:
  - 9fc56b3eea68
  - c745f9361c41
  - caf764ebca30
  - e5f20ff291a3
  tool_panel_section_label: QIIME 2
- name: qiime2__stats__facet_within
  owner: q2d2
  revisions:
  - 5349488971e9
  - 5351cfc436ea
  - ca0ce4dc03e9
  - e1b35e7c5d18
  tool_panel_section_label: QIIME 2
- name: qiime2__stats__prep_alpha_distribution
  owner: q2d2
  revisions:
  - 3bd5cc9912b2
  - 9354e2cf38ed
  - c7ae38450ff9
  - f55d46b78273
  tool_panel_section_label: QIIME 2
- name: qiime2__stats__mann_whitney_u_facet
  owner: q2d2
  revisions:
  - 3860c369685d
  - 438970a86b69
  - a512d81dc095
  - fcf2e9b633ee
  tool_panel_section_label: QIIME 2
- name: qiime2__stats__alpha_group_significance
  owner: q2d2
  revisions:
  - 3fdddccf6aa3
  - 46bf2409da02
  - cd7d5bb23299
  - d6f4c80a29a2
  tool_panel_section_label: QIIME 2
- name: qiime2__rescript__get_bv_brc_genome_features
  owner: q2d2
  revisions:
  - 1cbb95797a83
  - 934e5786eac2
  - c735738cecca
  - e06438ea7fb0
  tool_panel_section_label: QIIME 2
- name: qiime2__rescript__get_bv_brc_genomes
  owner: q2d2
  revisions:
  - 1455a998a249
  - 5f011c50a9dc
  - 9dd05f5c60b9
  - b93fff645871
  tool_panel_section_label: QIIME 2
- name: qiime2__rescript__get_bv_brc_metadata
  owner: q2d2
  revisions:
  - 2f4b6eaa0c0e
  - 96868c887e23
  - e55e6564c5cb
  - f3cd42768927
  tool_panel_section_label: QIIME 2
- name: qiime2__alignment__mafft
  owner: q2d2
  revisions:
  - 4e9939e79726
  - a0a48c15c573
  - a8962b34c94e
  - ab62eec0cd2b
  - c4a4ba3c7a9c
  - da8c194c5dc5
  - e02336587671
  tool_panel_section_label: QIIME 2
- name: qiime2__alignment__mafft_add
  owner: q2d2
  revisions:
  - 442d1a046fa6
  - 4ea333b09d2c
  - 4fde174f0118
  - 51e7e9d2c302
  - 793348b25298
  - b413f3a44b8d
  - d32cbac620eb
  tool_panel_section_label: QIIME 2
- name: qiime2__alignment__mask
  owner: q2d2
  revisions:
  - 0a150e6ae9fb
  - 0dac6571621a
  - 1d37aa0aed4f
  - 2c9fc6d16f81
  - 58797be8efd4
  - d71423249631
  - e8bee857dc0d
  tool_panel_section_label: QIIME 2
- name: qiime2__composition__add_pseudocount
  owner: q2d2
  revisions:
  - 1185eea54073
  - 68d6090cd226
  - 8d588aa467a7
  - c6780899249e
  - cd98e4bb92ee
  - e2822b9553cb
  - f92a9f40c7e1
  tool_panel_section_label: QIIME 2
- name: qiime2__composition__ancom
  owner: q2d2
  revisions:
  - 3c2b2ca90687
  - 4696fc685d83
  - c59b1d501ecf
  - e3a9e7cb7b77
  - f072d901c63c
  - f90977a357ca
  - fcb75c51072d
  tool_panel_section_label: QIIME 2
- name: qiime2__composition__ancombc
  owner: q2d2
  revisions:
  - 1c2fc88c01c9
  - 2d288113a582
  - 4b71e36cc3d2
  - 952686c734e9
  - 9b2a68d3017f
  - b5fa29d13dfe
  - fe99db171ce5
  tool_panel_section_label: QIIME 2
- name: qiime2__composition__tabulate
  owner: q2d2
  revisions:
  - 359aa4321add
  - 45a7de813cd5
  - 54caf7f5c410
  - 600f11a2839d
  - 73f3d2b2ef5d
  - c0c74c592ff7
  - cb1a60431256
  tool_panel_section_label: QIIME 2
- name: qiime2__cutadapt__demux_paired
  owner: q2d2
  revisions:
  - 0c5a140e04f3
  - 12dfb163a004
  - 4f5d92bf5022
  - 61d6f9f0a0d7
  - 9b5a775806be
  - c6a8822e19f2
  - d58b93d0a723
  tool_panel_section_label: QIIME 2
- name: qiime2__cutadapt__demux_single
  owner: q2d2
  revisions:
  - 47652cda9695
  - 5fed73dc56b0
  - 6b5ac8e63b57
  - b6b9f569103f
  - d244802d52d0
  - d8851a5b9360
  - fcb0c9bd84a3
  tool_panel_section_label: QIIME 2
- name: qiime2__cutadapt__trim_paired
  owner: q2d2
  revisions:
  - 190fb8fa90f4
  - 4f340404bbf8
  - aa7ffb412083
  - b2b61aecb444
  - b7fc07bacdb2
  - beba70e48270
  - e82bd0e0c7ad
  tool_panel_section_label: QIIME 2
- name: qiime2__cutadapt__trim_single
  owner: q2d2
  revisions:
  - 1026d5863b7c
  - 42cd76be2cbf
  - 8406a2475e85
  - 9a9d639bd2ec
  - b652bc0bd0ff
  - f37d4f87c868
  - f8d5e0d4dfec
  tool_panel_section_label: QIIME 2
- name: qiime2__dada2__denoise_ccs
  owner: q2d2
  revisions:
  - 1eb5c20bf4cf
  - 3e2a146511b0
  - 4d29020147f3
  - 9977f9d23166
  - a22807aaff34
  - d777f76179b6
  - e73ff752eb45
  tool_panel_section_label: QIIME 2
- name: qiime2__dada2__denoise_paired
  owner: q2d2
  revisions:
  - 06bacd08bb47
  - 53a7856cfafc
  - 933b92011b91
  - bbaba1707475
  - d2bf79e0bd52
  - efafec3b4e06
  - ff047d5ca265
  tool_panel_section_label: QIIME 2
- name: qiime2__dada2__denoise_pyro
  owner: q2d2
  revisions:
  - 16c1fce384ab
  - 1fa5664f9157
  - 377a0bd6edd4
  - 4ceff2d8736a
  - b9c202882848
  - d244cbb520a0
  - d9e75c4f54b9
  tool_panel_section_label: QIIME 2
- name: qiime2__dada2__denoise_single
  owner: q2d2
  revisions:
  - 1601b340fb81
  - 1e09dd637eb7
  - 354f63459d37
  - 3c8340e400df
  - a2112f424054
  - be83e72c1ee9
  - e7812ca89033
  tool_panel_section_label: QIIME 2
- name: qiime2__deblur__denoise_16S
  owner: q2d2
  revisions:
  - 2572fc0f88f2
  - b883cbea5623
  tool_panel_section_label: QIIME 2
- name: qiime2__deblur__denoise_other
  owner: q2d2
  revisions:
  - 154377bccc32
  - 1d13002bae6b
  - 27ba31d2202b
  - 61ee71aacf1c
  - 816ca3000a39
  - 86e36a2b44b0
  - 987f3e32bc09
  tool_panel_section_label: QIIME 2
- name: qiime2__deblur__visualize_stats
  owner: q2d2
  revisions:
  - 0be892a57bfe
  - 2e4eafd6f1f6
  - 9e46d37c994a
  - b341b5eb9681
  - c26614fbf676
  - e02092a0b2db
  - e62bac3eb4af
  tool_panel_section_label: QIIME 2
- name: qiime2__demux__emp_paired
  owner: q2d2
  revisions:
  - 551e9187951c
  - 6acfde3557b4
  - 8edb4dc16d6e
  - 9f0c454cfc67
  - a9ce731fab29
  - e6540fbc9b50
  - fa47b38a4b6c
  tool_panel_section_label: QIIME 2
- name: qiime2__demux__emp_single
  owner: q2d2
  revisions:
  - 0700d9de4f79
  - 19e2495b60e8
  - 335abb486193
  - 75b07a996ac0
  - 89d319dd67f2
  - 8b90ed283fe4
  - 8e01d149bcdb
  tool_panel_section_label: QIIME 2
- name: qiime2__demux__filter_samples
  owner: q2d2
  revisions:
  - 0e5d4dc5c23e
  - 4a7e51ec5689
  - 4c13a2d68a2a
  - 7573001162c8
  - 7595f1cbe5b7
  - b507d1f2196c
  - e3d4217c9a64
  tool_panel_section_label: QIIME 2
- name: qiime2__demux__subsample_paired
  owner: q2d2
  revisions:
  - 36aa7a55e756
  - 522cc8ebcf4f
  - 669e59a2a229
  - 7b44ee1e60ea
  - 80dbdff593d3
  - b358fb10943e
  - f79287ee143e
  tool_panel_section_label: QIIME 2
- name: qiime2__demux__subsample_single
  owner: q2d2
  revisions:
  - 12747289fc83
  - 26139ebc17ea
  - 5f29bf108ba3
  - 6c2c8696456f
  - 76384b6b3d90
  - 8199a544a842
  - b3d86150ba46
  tool_panel_section_label: QIIME 2
- name: qiime2__demux__summarize
  owner: q2d2
  revisions:
  - 1a13e87462a0
  - 222b50c1cb52
  - 7f656fb2e7b6
  - a257c2e6b285
  - acb0f8837379
  - d8a9f74f1a6d
  - e058a939e844
  tool_panel_section_label: QIIME 2
- name: qiime2__diversity__adonis
  owner: q2d2
  revisions:
  - 28d5145fbbe3
  - 295acb5522c1
  - 4701a5b2b60d
  - 472a46b5d416
  - 6579a7b08fd6
  - 82f9bc0feff3
  - c7b47e0389c4
  tool_panel_section_label: QIIME 2
- name: qiime2__diversity__alpha
  owner: q2d2
  revisions:
  - 15114dfce30e
  - 324ab5e710fa
  - 4033b503ac37
  - 5c2c4ceabe7e
  - 77751b6cb583
  - 87b68b482c8e
  - 97e9b0b0aeae
  tool_panel_section_label: QIIME 2
- name: qiime2__diversity__alpha_correlation
  owner: q2d2
  revisions:
  - 1f40041cf946
  - 339546317bfa
  - 356a07706de8
  - 5850f79a2b9f
  - 9235f6a16926
  - 9c7324c4468f
  - de37a8df39ef
  tool_panel_section_label: QIIME 2
- name: qiime2__diversity__alpha_group_significance
  owner: q2d2
  revisions:
  - 0465253099bf
  - 074a6c57757a
  - 25b94f589fc8
  - 6c0a2e0d1c9e
  - 96988c25ca01
  - b7b5dc5a067b
  - eae22172c84e
  tool_panel_section_label: QIIME 2
- name: qiime2__diversity__alpha_phylogenetic
  owner: q2d2
  revisions:
  - 5c0e7186a169
  - 6af85aa9f62d
  - 8454d1802ed2
  - b6e20cd4fd2c
  - ecee2e93b8ff
  - ee712ca8cac8
  - fbf59d034371
  tool_panel_section_label: QIIME 2
- name: qiime2__diversity__alpha_rarefaction
  owner: q2d2
  revisions:
  - 1a1ad9b61531
  - 22bfda174157
  - 6d56299524df
  - 8f9b4a0f9ae4
  - 97cb20f77d50
  - a19425489a68
  - ed21beb2e60f
  tool_panel_section_label: QIIME 2
- name: qiime2__diversity__beta
  owner: q2d2
  revisions:
  - 7ed55f1323ee
  - 8d0c353e301b
  - 97a8f4d7b51d
  - 9aa038590267
  - b652d07fd0b0
  - eb36fbb83a9d
  - f5026cf3e156
  tool_panel_section_label: QIIME 2
- name: qiime2__diversity__beta_correlation
  owner: q2d2
  revisions:
  - 1ef8665d53bd
  - 26b99164f629
  - 2d568787fa99
  - 913fde2097a3
  - 93d88cdf089a
  - dae7b5f58d78
  - ea97592533bb
  tool_panel_section_label: QIIME 2
- name: qiime2__diversity__beta_group_significance
  owner: q2d2
  revisions:
  - 2df83b20af3f
  - 35c850ccce45
  - a0d20b8b681e
  - adc5f0fb3c3f
  - ae04ef51094f
  - c09385bff349
  - c499a93403c7
  tool_panel_section_label: QIIME 2
- name: qiime2__diversity__beta_phylogenetic
  owner: q2d2
  revisions:
  - 1313ba282b39
  - 26534bb91445
  - 2e7aa115e88d
  - 394712a51004
  - 6f129e6127a7
  - 83d06804b15c
  - 9de0fa39f017
  tool_panel_section_label: QIIME 2
- name: qiime2__diversity__beta_rarefaction
  owner: q2d2
  revisions:
  - 08aa9fb4ffc8
  - 1506cdb7caad
  - 1ab2573cba43
  - 6b70a31f22ee
  - 725208b2b09e
  - a5b96ea48d79
  - ba17431d7703
  tool_panel_section_label: QIIME 2
- name: qiime2__diversity__bioenv
  owner: q2d2
  revisions:
  - 0a462171cef9
  - 0f90022f70de
  - 0fb37e0413d6
  - 1e4f0944ae33
  - 21ca3e4d0f06
  - 56a0004016a9
  - 897ac0a07708
  tool_panel_section_label: QIIME 2
- name: qiime2__diversity__core_metrics
  owner: q2d2
  revisions:
  - 2b7bcbf8bdf3
  - 4b8cdacb02f5
  - 61d885730311
  - 703db464b072
  - 88eff88c3e00
  - 896e5020ac46
  - 9602903a0fbd
  tool_panel_section_label: QIIME 2
- name: qiime2__diversity__core_metrics_phylogenetic
  owner: q2d2
  revisions:
  - 38bd36bfb5af
  - 5d6dcbc8ef00
  - 7fc930fc43cf
  - 9d29f6a334e5
  - 9d7dd5419c37
  - d14296c8a1b8
  - f4305c66e23d
  tool_panel_section_label: QIIME 2
- name: qiime2__diversity__filter_alpha_diversity
  owner: q2d2
  revisions:
  - 35e7602594d8
  - 552a06f82092
  - 8334d515cc22
  - 992ec6b8a13f
  - dbaadcb5b5f2
  tool_panel_section_label: QIIME 2
- name: qiime2__diversity__filter_distance_matrix
  owner: q2d2
  revisions:
  - 0068bb2a39ff
  - '366473274326'
  - 40dc453ee8fd
  - 67b434d31e36
  - 6d85ed80f077
  - a53b321e6821
  - c6cab84f4198
  tool_panel_section_label: QIIME 2
- name: qiime2__diversity__mantel
  owner: q2d2
  revisions:
  - '196948449667'
  - 3458413e304e
  - 39109e3921ee
  - 7754be6faea0
  - 9a97bf1e0e05
  - f0637bd36c6f
  - f5f2c923cda4
  tool_panel_section_label: QIIME 2
- name: qiime2__diversity__pcoa
  owner: q2d2
  revisions:
  - 0a6baa36f13c
  - 0b004354dcd2
  - 250e13179e54
  - 93b6e1904c48
  - 9f6dfa1155c4
  - e8d08c5dec8c
  - f13ed71b6bb2
  tool_panel_section_label: QIIME 2
- name: qiime2__diversity__pcoa_biplot
  owner: q2d2
  revisions:
  - 0b649d0fe617
  - 30a01d00df77
  - 37a3c3468136
  - 41a52cf11f2d
  - 5279c32b6eab
  - 557efc83549c
  - a262d3792cd2
  tool_panel_section_label: QIIME 2
- name: qiime2__diversity__procrustes_analysis
  owner: q2d2
  revisions:
  - 0ac6fda18afb
  - 111d05bd9e0d
  - 6c53d0e60bea
  - 888d37bd0b9b
  - 9db8581e20c5
  - db458dd840c2
  - fe144b0df710
  tool_panel_section_label: QIIME 2
- name: qiime2__diversity__tsne
  owner: q2d2
  revisions:
  - 1e30542264c3
  - 39f3259394a9
  - 6200df7461ae
  - 70d6cf1e8db0
  - e7a9b459575e
  - eccbb594cd17
  - f5dde68b544d
  tool_panel_section_label: QIIME 2
- name: qiime2__diversity__umap
  owner: q2d2
  revisions:
  - 04c2ed9885d4
  - 21c17986c882
  - 32c5fea4831a
  - 5e122d6a9670
  - 955fd41ac481
  - 9c7d4870e7c2
  - f6650f28cfdd
  tool_panel_section_label: QIIME 2
- name: qiime2__diversity_lib__alpha_passthrough
  owner: q2d2
  revisions:
  - 444cd66d6101
  - 71a10fd28964
  - 86034ce5e0b5
  - 93509f4b48aa
  - 98ae2621b590
  - d4f160b179f5
  - e1efcd0c6c19
  tool_panel_section_label: QIIME 2
- name: qiime2__diversity_lib__beta_passthrough
  owner: q2d2
  revisions:
  - 38a55b074008
  - 4f4e558ec21e
  - 66045b02d6c1
  - 66dbb2a55bc5
  - 7bc5ff8456ff
  - 9d4eac2198a0
  - da6fdc7618c7
  tool_panel_section_label: QIIME 2
- name: qiime2__diversity_lib__beta_phylogenetic_meta_passthrough
  owner: q2d2
  revisions:
  - 1f01b410d3f2
  - 1fe13f74d48a
  - 318dfdd6987d
  - 4de686329a37
  - 62c4d6f83cb4
  - 6e591077b4b3
  - a6205ca8caec
  tool_panel_section_label: QIIME 2
- name: qiime2__diversity_lib__beta_phylogenetic_passthrough
  owner: q2d2
  revisions:
  - 2be808ff0cd2
  - 423e0a6e9a1f
  - 5ab19b2ef7d8
  - 5e5c3b5ab572
  - 7aa3b7b60718
  - dc43869f7657
  - fcbeb4dc4b81
  tool_panel_section_label: QIIME 2
- name: qiime2__diversity_lib__bray_curtis
  owner: q2d2
  revisions:
  - 0eaad02b5b0b
  - 310c517fdae7
  - 4111b5b17fd4
  - 82046a5bb300
  - 84b38b24a50e
  - a1422e558f73
  - b007e2c3c08b
  tool_panel_section_label: QIIME 2
- name: qiime2__diversity_lib__faith_pd
  owner: q2d2
  revisions:
  - 1142e83c6ae3
  - 49c00aaacd6d
  - 75def7f03560
  - 95a57e43fe83
  - c5a92b4cb5db
  - f08636f56fd7
  - f3e3dfe874f0
  tool_panel_section_label: QIIME 2
- name: qiime2__diversity_lib__jaccard
  owner: q2d2
  revisions:
  - 1c3478cdc0db
  - 58c46e32cff6
  - a7a8b9b1fa1e
  - a80fde700012
  - ba0a86603997
  - cf5fc36069f5
  - df2902af58c1
  tool_panel_section_label: QIIME 2
- name: qiime2__diversity_lib__observed_features
  owner: q2d2
  revisions:
  - 0af9de398bbf
  - 19e3205e8206
  - 37e114ead80a
  - 89d7fabc1120
  - a08147f79fe9
  - c75e3e049c2f
  - f740751c2439
  tool_panel_section_label: QIIME 2
- name: qiime2__diversity_lib__pielou_evenness
  owner: q2d2
  revisions:
  - 02d2141ff634
  - 389fba4362bc
  - 3fff9475b959
  - 70becbb8baf2
  - a10d8f198b93
  - a8f2491b6f44
  - c31665c5069c
  tool_panel_section_label: QIIME 2
- name: qiime2__diversity_lib__shannon_entropy
  owner: q2d2
  revisions:
  - 00420a6149c8
  - 63d2b15ad101
  - 7f8e31cd33ed
  - 86209e66e3b3
  - 9e06bb95cbc4
  - b2ccb5709bed
  - c80939f5905d
  tool_panel_section_label: QIIME 2
- name: qiime2__diversity_lib__unweighted_unifrac
  owner: q2d2
  revisions:
  - 042c2da01c39
  - 16f6f1bb70df
  - 1fedcbc547b6
  - 4b073ff8dfab
  - 5c190c90bab0
  - 7de32a239176
  - 89423965acba
  tool_panel_section_label: QIIME 2
- name: qiime2__diversity_lib__weighted_unifrac
  owner: q2d2
  revisions:
  - 0e3cc7583efc
  - 323580d61448
  - 515dc861c2f6
  - 85f762ce919f
  - a166647c366a
  - dac91f2a6edf
  - eafeb0b89ece
  tool_panel_section_label: QIIME 2
- name: qiime2__emperor__biplot
  owner: q2d2
  revisions:
  - 4071af7f8b3e
  - 500d81d6d22d
  - 5aced4a38720
  - 60b974644777
  - 6830d5e1f0db
  - c5ffd16c2f87
  - c7d25d15856f
  tool_panel_section_label: QIIME 2
- name: qiime2__emperor__plot
  owner: q2d2
  revisions:
  - 41cb62f3cb7b
  - 64a9ebc05ae4
  - 7c9ec8b8b7f8
  - ad8f7d728a95
  - b97cc73761ee
  - bc3a80afa08d
  - fc97edf19d08
  tool_panel_section_label: QIIME 2
- name: qiime2__emperor__procrustes_plot
  owner: q2d2
  revisions:
  - 4a9f1bf4499e
  - 7332848f37ab
  - bd0dbc487394
  - c9fb300cbe5d
  - e2e3685e9ead
  - ec2a0e6d9baf
  - f1df7a53f802
  tool_panel_section_label: QIIME 2
- name: qiime2__feature_classifier__blast
  owner: q2d2
  revisions:
  - 07d2b31e5dea
  - 24b72d60805e
  - 6f881a1c40be
  - 778c23c7bcf3
  - c6323c5935e2
  - c6916688ac64
  - f2143eab92d8
  tool_panel_section_label: QIIME 2
- name: qiime2__feature_classifier__classify_consensus_blast
  owner: q2d2
  revisions:
  - 0024a2733c77
  - 1a669211cfed
  - 1ca4b5d6ea40
  - 76e30b274923
  - 8f8f6d3d2304
  - 9bdc8d573d35
  - fbead83526a1
  tool_panel_section_label: QIIME 2
- name: qiime2__feature_classifier__classify_consensus_vsearch
  owner: q2d2
  revisions:
  - 1006c36b2b57
  - 12b31c42e559
  - 404caae7aee0
  - d33916702866
  - f40e6da10c03
  - f82f2dbf0c04
  - f965e6e951e7
  tool_panel_section_label: QIIME 2
- name: qiime2__feature_classifier__classify_hybrid_vsearch_sklearn
  owner: q2d2
  revisions:
  - 26c3d6bc0754
  - 4d9059e67f87
  - 6f3e4b4cd85f
  - 86aee04ba532
  - 8bea0b8ea0b5
  - 9162ded52c6a
  - abdf08c37b16
  tool_panel_section_label: QIIME 2
- name: qiime2__feature_classifier__classify_sklearn
  owner: q2d2
  revisions:
  - 771d8be25d7a
  - 83b0feec07cf
  - 8aa82af30760
  - 9cac0601eb35
  - b5ea3e026b8b
  - d6632af373ab
  - eee36ff6529a
  tool_panel_section_label: QIIME 2
- name: qiime2__feature_classifier__extract_reads
  owner: q2d2
  revisions:
  - 19337dd7d160
  - 4ad70e7b2dba
  - 920dbc6886d7
  - 9db411be36ba
  - a1358f6b25af
  - e88709abd32b
  - f3b56adfed5f
  tool_panel_section_label: QIIME 2
- name: qiime2__feature_classifier__find_consensus_annotation
  owner: q2d2
  revisions:
  - 333ce5304712
  - 44246091f51f
  - 4f5ee6c1fd33
  - 4fafff628c81
  - 5d61e1a7bfa5
  - 75bad78b9f49
  - b6121b90c568
  tool_panel_section_label: QIIME 2
- name: qiime2__feature_classifier__fit_classifier_naive_bayes
  owner: q2d2
  revisions:
  - 07f2440927a3
  - 0f26f60d273b
  - 1088a30ad72f
  - 42f3a9cab210
  - 758db0fc9654
  - a6c8858199f5
  - e0aebbd112a4
  tool_panel_section_label: QIIME 2
- name: qiime2__feature_classifier__fit_classifier_sklearn
  owner: q2d2
  revisions:
  - 137191c7a16f
  - 39de6b61ab62
  - 651c5518951f
  - a66d426ba05b
  - b58536f29139
  - e736fe382938
  - fe5fc2afd727
  tool_panel_section_label: QIIME 2
- name: qiime2__feature_classifier__vsearch_global
  owner: q2d2
  revisions:
  - 1a5a5108cb2e
  - 2058da5b95d7
  - 2d5672f63c37
  - 7ca8ce947d06
  - 84d83752cc49
  - c7bde9e4638d
  - fd8ee3b7a00b
  tool_panel_section_label: QIIME 2
- name: qiime2__feature_table__core_features
  owner: q2d2
  revisions:
  - 0b1424ea3495
  - 13e8049936ee
  - 3ab02629e494
  - 5bd93c10087b
  - 9c8b1fece8fd
  - 9f6c877867e4
  - d46074b693bd
  tool_panel_section_label: QIIME 2
- name: qiime2__feature_table__filter_features
  owner: q2d2
  revisions:
  - 10954feb4893
  - 4190dbce3775
  - 5545c2f27907
  - a4ee4441998f
  - a63fa31b8367
  - b2df7f8e4a07
  - d6536f0c370c
  tool_panel_section_label: QIIME 2
- name: qiime2__feature_table__filter_features_conditionally
  owner: q2d2
  revisions:
  - 03a35f7bf38a
  - 1469676328d1
  - 46bc11016e31
  - 6112f57a7245
  - 6c8f74d8df6d
  - 78538c1b0993
  - dbeb5a365844
  tool_panel_section_label: QIIME 2
- name: qiime2__feature_table__filter_samples
  owner: q2d2
  revisions:
  - 0597a61cb4b5
  - 1a301c51abd8
  - 40647f5aa13b
  - 540707a41f82
  - 552388e54b68
  - 682d957756f9
  - ab97e8ef4191
  tool_panel_section_label: QIIME 2
- name: qiime2__feature_table__filter_seqs
  owner: q2d2
  revisions:
  - 14bb84c18f3e
  - 3d5a194fbdcb
  - 8aec6a03bd3f
  - aff2903073ce
  - c6ed847508fe
  - e7b65e8f7e68
  - fd3798589de0
  tool_panel_section_label: QIIME 2
- name: qiime2__feature_table__group
  owner: q2d2
  revisions:
  - 4acd06f54adc
  - 6bca671e8d47
  - 74d56f1a8848
  - 94617586f2cb
  - a27ceaf4cfc2
  - d8d9cde18805
  - dfadf6b977d3
  tool_panel_section_label: QIIME 2
- name: qiime2__feature_table__heatmap
  owner: q2d2
  revisions:
  - 1579e3bbdc11
  - 56342a7ffc1c
  - 75a470897973
  - 84941f46775e
  - a8de96a8b8eb
  - c087d23bc043
  - c5e2e5d0d5ca
  tool_panel_section_label: QIIME 2
- name: qiime2__feature_table__merge
  owner: q2d2
  revisions:
  - 02074619b5e8
  - 4739cd035af0
  - 4c2751c8cc0d
  - b5eb47c65e65
  - bbef44c4221b
  - bbf262bb1d96
  - ed63719e43f0
  tool_panel_section_label: QIIME 2
- name: qiime2__feature_table__merge_seqs
  owner: q2d2
  revisions:
  - 3be5dcb0a170
  - 5cc71e4ddd1c
  - 656b878d4049
  - 6d3775f3a859
  - 9b95556df0f4
  - b0a9320437c2
  - b46e5d243a98
  tool_panel_section_label: QIIME 2
- name: qiime2__feature_table__merge_taxa
  owner: q2d2
  revisions:
  - 0941b3434b84
  - 0ffd4aef0c59
  - 6ed7639065df
  - a0c16a5250e4
  - a96e86eac4e3
  - c7299241e3a7
  - dbae2d2beec5
  tool_panel_section_label: QIIME 2
- name: qiime2__feature_table__presence_absence
  owner: q2d2
  revisions:
  - 02f7e34192b1
  - 09b75d1c5e9f
  - 1195ceaecf1e
  - 88b3f5ff20b3
  - 9133f4809ee1
  - aa33dec8fd70
  - d853b44a37b5
  tool_panel_section_label: QIIME 2
- name: qiime2__feature_table__rarefy
  owner: q2d2
  revisions:
  - 029d061dfadd
  - 1f43fb6d2d13
  - 76f44ad77e0c
  - 77dce1a45822
  - 93661434070c
  - 985c7f96ce2a
  - adf22a045073
  tool_panel_section_label: QIIME 2
- name: qiime2__feature_table__relative_frequency
  owner: q2d2
  revisions:
  - 46b504ccef4d
  - 580e1edc91d7
  - 60dedc1e1f7c
  - b775f27fe8db
  - ddd71de351d9
  - e0ecbe54ffa8
  - eaada56f497a
  tool_panel_section_label: QIIME 2
- name: qiime2__feature_table__rename_ids
  owner: q2d2
  revisions:
  - 413b93003f0f
  - 8ae8ef4804fa
  - a213286d3a38
  - d473dc9e00e2
  - e15626848bdd
  - e662400df0f5
  - f73f0cda6560
  tool_panel_section_label: QIIME 2
- name: qiime2__feature_table__subsample
  owner: q2d2
  revisions:
  - 649a75b79784
  - d32dc747e2dd
  tool_panel_section_label: QIIME 2
- name: qiime2__feature_table__summarize
  owner: q2d2
  revisions:
  - 0298280f2bfd
  - 365ce7a8e641
  - 4d8369756ee6
  - 517cc51856dd
  - 93efdc769465
  - c7553080ec2e
  - d0f2249afe30
  tool_panel_section_label: QIIME 2
- name: qiime2__feature_table__tabulate_seqs
  owner: q2d2
  revisions:
  - 2df6f241b583
  - 38b618d1eb4d
  - 6d5cd7bcc0d0
  - 9fe85eec5420
  - a0b9e63b06c7
  - a3a920ac8909
  - c4570ced1d88
  tool_panel_section_label: QIIME 2
- name: qiime2__feature_table__transpose
  owner: q2d2
  revisions:
  - 14196448788e
  - 492edbc22449
  - 70629120ae6c
  - 8a3e71857c0a
  - a9f37c5a3b3f
  - acadff77dd50
  - da1277b5baa0
  tool_panel_section_label: QIIME 2
- name: qiime2__fragment_insertion__classify_otus_experimental
  owner: q2d2
  revisions:
  - 042aaca35af1
  - 2821f5e19fe7
  - 52cffcc84c14
  - 62764fe71186
  - 9bf34397fe0a
  - 9f3165bbb183
  - e998fbee3497
  tool_panel_section_label: QIIME 2
- name: qiime2__fragment_insertion__filter_features
  owner: q2d2
  revisions:
  - 0cd2b96adce2
  - 2fe92e997c9a
  - 4f4a3231e69d
  - 732d8eaa92d0
  - a752ace26ec1
  - b27d577c13e0
  - fef2604b8a87
  tool_panel_section_label: QIIME 2
- name: qiime2__fragment_insertion__sepp
  owner: q2d2
  revisions:
  - 157b7ea4cd38
  - 2e86638386e2
  - 2fa85eae206e
  - 3d97bd4f5a7b
  - 4342c148f53e
  - 480f1f48ffea
  - a74f06287b8c
  tool_panel_section_label: QIIME 2
- name: qiime2__gneiss__assign_ids
  owner: q2d2
  revisions:
  - 3b50918cb7ec
  - dc55b54f3fac
  tool_panel_section_label: QIIME 2
- name: qiime2__gneiss__correlation_clustering
  owner: q2d2
  revisions:
  - 863dfa520024
  - ca5a3976d699
  tool_panel_section_label: QIIME 2
- name: qiime2__gneiss__dendrogram_heatmap
  owner: q2d2
  revisions:
  - 78bd3306c2d5
  - ec24bc691af1
  tool_panel_section_label: QIIME 2
- name: qiime2__gneiss__gradient_clustering
  owner: q2d2
  revisions:
  - 1aeb0c093631
  - 76fb7a319e4f
  tool_panel_section_label: QIIME 2
- name: qiime2__gneiss__ilr_hierarchical
  owner: q2d2
  revisions:
  - 4dacbd452535
  - d0feca181800
  tool_panel_section_label: QIIME 2
- name: qiime2__gneiss__ilr_phylogenetic
  owner: q2d2
  revisions:
  - 742e0648a108
  - b2f1851509f6
  tool_panel_section_label: QIIME 2
- name: qiime2__gneiss__ilr_phylogenetic_differential
  owner: q2d2
  revisions:
  - 9dedc5b9b732
  - f37156e185ea
  tool_panel_section_label: QIIME 2
- name: qiime2__gneiss__ilr_phylogenetic_ordination
  owner: q2d2
  revisions:
  - f55de040b84c
  - f9e75fc8334b
  tool_panel_section_label: QIIME 2
- name: qiime2__longitudinal__anova
  owner: q2d2
  revisions:
  - 4df0cd029add
  - 649a6f5a7ff8
  - b281d1caa69c
  - b8863095f1a9
  - c32b6054c7d4
  - c884dc776645
  - ec4e85d3e470
  tool_panel_section_label: QIIME 2
- name: qiime2__longitudinal__feature_volatility
  owner: q2d2
  revisions:
  - 24d37c376657
  - 4be01a151df1
  - ba818c170b06
  - d0c1032c407b
  - e1f34a303e1c
  - e2fd93e4e3f7
  - ecc06a63663d
  tool_panel_section_label: QIIME 2
- name: qiime2__longitudinal__first_differences
  owner: q2d2
  revisions:
  - 0019d6fb2df8
  - 2cb105e00a71
  - 34b713fc4356
  - 372affefd8a3
  - 83b630da280f
  - c6a55025afec
  - ff88523d6c19
  tool_panel_section_label: QIIME 2
- name: qiime2__longitudinal__first_distances
  owner: q2d2
  revisions:
  - 2acedcd22341
  - 2c445317c0c1
  - 405565578b7c
  - 607a63ad9e92
  - 83b0a04db957
  - 9adb9cf55960
  - 9c84d0f2f236
  tool_panel_section_label: QIIME 2
- name: qiime2__longitudinal__linear_mixed_effects
  owner: q2d2
  revisions:
  - 01648b9936bf
  - 2f4d65c8cfc0
  - 3e1fbb7cfcf8
  - 49b853a572ca
  - 6253ca844c62
  - d10f755328ea
  - d67d2a61549b
  tool_panel_section_label: QIIME 2
- name: qiime2__longitudinal__maturity_index
  owner: q2d2
  revisions:
  - 1945315814fc
  - 440d5bfda88c
  - 65eb20bd61f1
  - a3a6a13accb4
  - ae21a4eac775
  - c1ce31c7b91f
  - d52f4bfb42d0
  tool_panel_section_label: QIIME 2
- name: qiime2__longitudinal__nmit
  owner: q2d2
  revisions:
  - 2500b1578ba9
  - 4facf6ad69be
  - 738ef153dcb1
  - 87412f607999
  - c6e586706e38
  - c9b7113bf8f1
  - d17232fb5897
  tool_panel_section_label: QIIME 2
- name: qiime2__longitudinal__pairwise_differences
  owner: q2d2
  revisions:
  - 069b6f81c2c8
  - 0dfb83493dcb
  - 82847cdbf7fd
  - b56e60e6c6e0
  - d93df4dd5168
  - f38a94d12951
  - f4eea9fd94e2
  tool_panel_section_label: QIIME 2
- name: qiime2__longitudinal__pairwise_distances
  owner: q2d2
  revisions:
  - 0fd8e8542365
  - 2dba2c15b48e
  - 58067e34dc76
  - 7799afde3e88
  - 7fc5d8fc4c4a
  - ab8727358817
  - c02040f48a72
  tool_panel_section_label: QIIME 2
- name: qiime2__longitudinal__plot_feature_volatility
  owner: q2d2
  revisions:
  - 11730a5ad81b
  - 1a9474d0391a
  - 2b93f7a91399
  - 2b9f0231bebb
  - 2d8372066cd4
  - 5d155150e8de
  - 6fd0dec3112c
  tool_panel_section_label: QIIME 2
- name: qiime2__longitudinal__volatility
  owner: q2d2
  revisions:
  - 0e3d1b6523e2
  - 3951cbee8459
  - 646d4929b1ea
  - 6873643e4779
  - 7c4629181605
  - bb6ec39e5c79
  - bea0cdf2d9c8
  tool_panel_section_label: QIIME 2
- name: qiime2__metadata__distance_matrix
  owner: q2d2
  revisions:
  - 3ff91b9bf4bb
  - 47d297960b53
  - 5305caf97a38
  - 60705b97ad22
  - 855d0a9bc79c
  - 8a43985a8f35
  - a75c3ed80cff
  tool_panel_section_label: QIIME 2
- name: qiime2__metadata__shuffle_groups
  owner: q2d2
  revisions:
  - 224daabc19ab
  - 43a3fcc65825
  - 69c87f602b5a
  - 7d80bc1c73aa
  - 99fb88cf7a12
  - d310fdba1caf
  - e5920de13a94
  tool_panel_section_label: QIIME 2
- name: qiime2__metadata__tabulate
  owner: q2d2
  revisions:
  - 40c226302c86
  - 692bb81f7f1e
  - 8bf2391cf240
  - 9857be21dcaf
  - d6e1b976c373
  - f53749d24081
  - f6763a86190b
  tool_panel_section_label: QIIME 2
- name: qiime2__phylogeny__align_to_tree_mafft_fasttree
  owner: q2d2
  revisions:
  - 2a9461620d5e
  - 3200ba93ca77
  - 39b5b030033a
  - 43e5dd36de74
  - b252342b97a5
  - b552bc376487
  - f1942b6ece7c
  tool_panel_section_label: QIIME 2
- name: qiime2__phylogeny__align_to_tree_mafft_iqtree
  owner: q2d2
  revisions:
  - 0991e282a789
  - 25daaf299138
  - 3258ec546d07
  - 9f7b98404a1f
  - abdee16863d9
  - ec98b720efc9
  - ed4ab852f350
  tool_panel_section_label: QIIME 2
- name: qiime2__phylogeny__align_to_tree_mafft_raxml
  owner: q2d2
  revisions:
  - 5d20cf180904
  - 62e2e0c60e14
  - 94f6ae67f942
  - 9af151e32f0e
  - c1018e6b9e55
  - e534f88ab7bd
  - f094149c5203
  tool_panel_section_label: QIIME 2
- name: qiime2__phylogeny__fasttree
  owner: q2d2
  revisions:
  - 03920b01d7b9
  - 130d1647cc1b
  - 139fe749b0e5
  - 54e234742860
  - 91061b2e9766
  - 977e2ec8beb0
  - be40a789ee10
  tool_panel_section_label: QIIME 2
- name: qiime2__phylogeny__filter_table
  owner: q2d2
  revisions:
  - 05d29a3294de
  - 167ee24ffe2f
  - 3042b2e32868
  - 4b5eb2ac46bc
  - 63f054c1fce2
  - c5b7513c7a85
  - fa11896bafbb
  tool_panel_section_label: QIIME 2
- name: qiime2__phylogeny__filter_tree
  owner: q2d2
  revisions:
  - 2f35a9736467
  - 42b0db809909
  - 5f4032d783ff
  - 6106d14aabd1
  - 818d20c622ed
  - 97716f0bd25b
  - d24d147a225d
  tool_panel_section_label: QIIME 2
- name: qiime2__phylogeny__iqtree
  owner: q2d2
  revisions:
  - 1e329aa80658
  - 2f898b3531ee
  - 6d01299f597a
  - 77c94392c3e8
  - 931254bf17a4
  - b124e57694c3
  - e6c24d76366b
  tool_panel_section_label: QIIME 2
- name: qiime2__phylogeny__iqtree_ultrafast_bootstrap
  owner: q2d2
  revisions:
  - 28ef140b35ce
  - 62250c2786e5
  - 9992ba830384
  - adccaaf33660
  - caa6e396efc4
  - d29e3e6a10fd
  - e682a7a080a0
  tool_panel_section_label: QIIME 2
- name: qiime2__phylogeny__midpoint_root
  owner: q2d2
  revisions:
  - 0a0e30476122
  - 2a58fba2eb04
  - 2de661df7aa8
  - ad4c87cd901a
  - d200ecb7eaf5
  - f00f9d2b6acb
  - f4f3c556d4bd
  tool_panel_section_label: QIIME 2
- name: qiime2__phylogeny__raxml
  owner: q2d2
  revisions:
  - 0cec778b9465
  - 1f553c9cc99e
  - 2ff23f0ed1ba
  - 3f3dfbf2818b
  - 6f7c4386f0ce
  - a40eb1afbd0f
  - a874d4dfbac6
  tool_panel_section_label: QIIME 2
- name: qiime2__phylogeny__raxml_rapid_bootstrap
  owner: q2d2
  revisions:
  - 1666e7212a8b
  - 1de3a5758b8c
  - 444a88ecf0d8
  - 9d523344e9fb
  - 9e253cbabb83
  - a47dc629c367
  - eb6c15cd603b
  tool_panel_section_label: QIIME 2
- name: qiime2__phylogeny__robinson_foulds
  owner: q2d2
  revisions:
  - 462ba4008e3c
  - 48893627c8f9
  - 4b5ea6850212
  - 5fb18930a718
  - a43f0d5cfd3f
  - abe6db32295f
  - da82df33868e
  tool_panel_section_label: QIIME 2
- name: qiime2__quality_control__bowtie2_build
  owner: q2d2
  revisions:
  - 085611a6a3c7
  - 12eb35874f85
  - 3a464de609d5
  - 7291a764b254
  - 9b1cb8c8842d
  - dc6b98098f4f
  - ea81dc3914f8
  tool_panel_section_label: QIIME 2
- name: qiime2__quality_control__evaluate_composition
  owner: q2d2
  revisions:
  - 4f9bd4924e66
  - 5357caeb7c22
  - 56f480627ce8
  - 69c5dfffb92f
  - 8f17025fb019
  - c08e850ea0df
  - d9c71e139c9b
  tool_panel_section_label: QIIME 2
- name: qiime2__quality_control__evaluate_seqs
  owner: q2d2
  revisions:
  - 419bdbd7375e
  - 4bb288dbd04c
  - 4d3670c5d547
  - 53f089ad7161
  - 63b1c4ade428
  - 7f6c6e75ad0d
  - f45d42427237
  tool_panel_section_label: QIIME 2
- name: qiime2__quality_control__evaluate_taxonomy
  owner: q2d2
  revisions:
  - 13f0559220c2
  - 2562e48bdb2b
  - 2719c0bf3bd7
  - 324ea0a40d05
  - 6ac8433f95ec
  - 8e6a404fb338
  - de2941482b65
  tool_panel_section_label: QIIME 2
- name: qiime2__quality_control__exclude_seqs
  owner: q2d2
  revisions:
  - 051ac848cd6b
  - 505d6f366518
  - 895060360adc
  - cf4229cd0a05
  - d325b51a7a0f
  - f2f323297c66
  - f697a0b6a702
  tool_panel_section_label: QIIME 2
- name: qiime2__quality_control__filter_reads
  owner: q2d2
  revisions:
  - 08d08d22d92b
  - 4a4e207de234
  - 8ea205bf4e7b
  - bb1d6b8b06a8
  - d3f25b91679b
  - f13a41d2295e
  - f730b55fe13b
  tool_panel_section_label: QIIME 2
- name: qiime2__quality_filter__q_score
  owner: q2d2
  revisions:
  - 090ca1116927
  - 2c4de53c8903
  - 2eb4241ccb54
  - 363bb431c355
  - 5b1a8a2ec0a5
  - 9f0f673e6ea0
  - d786401d6619
  tool_panel_section_label: QIIME 2
- name: qiime2__sample_classifier__classify_samples
  owner: q2d2
  revisions:
  - 5b705adb0526
  - 6c18cbbf0f5b
  - 84156d6e1291
  - cfd6952cf0c9
  - e5daff8f4e9e
  - e6df54d762ac
  - e72fb1ecbadc
  tool_panel_section_label: QIIME 2
- name: qiime2__sample_classifier__classify_samples_from_dist
  owner: q2d2
  revisions:
  - 2dad5e35f34c
  - 5f37765a9e5e
  - 82b539cf4e59
  - 871a0738c883
  - aeb2a22548a5
  - da06a9b29ebc
  - f53151bf76b3
  tool_panel_section_label: QIIME 2
- name: qiime2__sample_classifier__classify_samples_ncv
  owner: q2d2
  revisions:
  - 1e5c17a581be
  - 23c5522fa836
  - 8ab60282cf94
  - 937d0b4d8083
  - 9c6128727a71
  - ab96421e61c5
  - f00cbad41c55
  tool_panel_section_label: QIIME 2
- name: qiime2__sample_classifier__confusion_matrix
  owner: q2d2
  revisions:
  - 0307995b05a4
  - 1cf5e70cd6b5
  - 23efa65f2a74
  - 3164358cd72f
  - 37d091c9f5ce
  - c3126bbd64e4
  - e0a29b2a35a8
  tool_panel_section_label: QIIME 2
- name: qiime2__sample_classifier__fit_classifier
  owner: q2d2
  revisions:
  - 2116b939ff07
  - 346c58898c4f
  - 71cd01b7a74f
  - 745c0bca48dd
  - 9027e5be16da
  - bcd13449c2d5
  - f31f3c575d7e
  tool_panel_section_label: QIIME 2
- name: qiime2__sample_classifier__fit_regressor
  owner: q2d2
  revisions:
  - 43fcd8fc5cb2
  - 5ff252c32c34
  - c0aa54edd09e
  - c2c6554fda49
  - d0708941b20b
  - e44450046a90
  - ed9dfc9e5e9a
  tool_panel_section_label: QIIME 2
- name: qiime2__sample_classifier__heatmap
  owner: q2d2
  revisions:
  - 145c578578ef
  - 3868f59bdab8
  - 5ceed9008edb
  - 669259fa60f9
  - 8fa6957e6cb0
  - c8a9c7b66934
  - e2c3a69905fe
  tool_panel_section_label: QIIME 2
- name: qiime2__sample_classifier__metatable
  owner: q2d2
  revisions:
  - 30cdc8cb01d0
  - 63930077c13a
  - 905113a20ca7
  - ac49a2a49935
  - e4a5794fc6dd
  - f03200f2248b
  - f58e813e201d
  tool_panel_section_label: QIIME 2
- name: qiime2__sample_classifier__predict_classification
  owner: q2d2
  revisions:
  - 15c9178c2b50
  - 2ce80ad95d2a
  - 4b8696ef6dbe
  - 555cb8da4688
  - 8efd4ae79026
  - c9198aa034be
  - d4dd156970fc
  tool_panel_section_label: QIIME 2
- name: qiime2__sample_classifier__predict_regression
  owner: q2d2
  revisions:
  - 28ae84f5ca57
  - 6e134166916b
  - b615e7adb4a9
  - cb01bdeace09
  - d9cef47d5932
  - e0913981ccc4
  - f7c33b0adf29
  tool_panel_section_label: QIIME 2
- name: qiime2__sample_classifier__regress_samples
  owner: q2d2
  revisions:
  - 028961beb681
  - 09981e91ac53
  - 3177500c29ae
  - 7d56c6806c36
  - a400ec06bae3
  - f28bc42125b6
  - fc1a36831fcd
  tool_panel_section_label: QIIME 2
- name: qiime2__sample_classifier__regress_samples_ncv
  owner: q2d2
  revisions:
  - 629fe9f7d95a
  - c468c032ee23
  - e6d86f57fe1a
  - f4e0ae35393f
  - fba2a1dc2e30
  - fbc1810cb832
  - fc42b9f62d2b
  tool_panel_section_label: QIIME 2
- name: qiime2__sample_classifier__scatterplot
  owner: q2d2
  revisions:
  - 195348fe70ef
  - 1d0027a2d7fa
  - 22e510854bb2
  - 3a8e6a8284df
  - 880fd4eb20e2
  - b2a04cea7140
  - fcd6d3d308b7
  tool_panel_section_label: QIIME 2
- name: qiime2__sample_classifier__split_table
  owner: q2d2
  revisions:
  - 102320d08d9e
  - 3dfc1a5ca1c1
  - a3f644e241e6
  - a80604576ca2
  - b0af6d277910
  - b3fdc6dd0eab
  - d325f1c254c5
  tool_panel_section_label: QIIME 2
- name: qiime2__sample_classifier__summarize
  owner: q2d2
  revisions:
  - 10191f1db325
  - 49857187c4b2
  - 5809c88c4e4a
  - 8fa73ff177a2
  - 96543d2f2217
  - d2cd82660ab6
  - e56a7f3e8b05
  tool_panel_section_label: QIIME 2
- name: qiime2__taxa__barplot
  owner: q2d2
  revisions:
  - 124673b2e9e7
  - 3da2f87501ee
  - 5750bac5b744
  - 8f3f08228c59
  - d29295070ccd
  - d9d69991f2b2
  - de8d109b6f3d
  tool_panel_section_label: QIIME 2
- name: qiime2__taxa__collapse
  owner: q2d2
  revisions:
  - 16e425d54e64
  - 96d3a6a511bc
  - 9ae5f88dc548
  - b42bb00943a9
  - e8ab6eff4cf8
  - f0f9d9b5095d
  - f17ae5fa0c60
  tool_panel_section_label: QIIME 2
- name: qiime2__taxa__filter_seqs
  owner: q2d2
  revisions:
  - 15c4e0368ea1
  - 22f155638105
  - 2e3425c03486
  - 526b35d5a4cd
  - 58975ac028d7
  - 9d2cb6f48d1d
  - c4e992863672
  tool_panel_section_label: QIIME 2
- name: qiime2__taxa__filter_table
  owner: q2d2
  revisions:
  - 21ac815b20a1
  - 4d6cd6706bfd
  - 8415c3cbedb6
  - a30681a590e1
  - a8972ecf15c1
  - c9236ca2f9b3
  - ca4a6aa29205
  tool_panel_section_label: QIIME 2
- name: qiime2__vsearch__cluster_features_closed_reference
  owner: q2d2
  revisions:
  - 2ccaf5eafe27
  - 89648217a7ef
  - 99f3bb0084fe
  - a0016af52cfb
  - bdfd1704be32
  - ed0fcc8c5f42
  - f1a4c7d2e5a7
  tool_panel_section_label: QIIME 2
- name: qiime2__vsearch__cluster_features_de_novo
  owner: q2d2
  revisions:
  - 31b630d08cda
  - 3377d6ce369c
  - 397c1be954c2
  - 58d133c81018
  - 93c93d427232
  - a753a1136636
  - ec8f8c2f4d54
  tool_panel_section_label: QIIME 2
- name: qiime2__vsearch__cluster_features_open_reference
  owner: q2d2
  revisions:
  - 24bb88850c9f
  - 3dbcb981c4c9
  - 559d1494e258
  - 576b090ccd63
  - aca054578114
  - d62c0266f393
  - df39d339740c
  tool_panel_section_label: QIIME 2
- name: qiime2__vsearch__dereplicate_sequences
  owner: q2d2
  revisions:
  - 4fb2b5e9beba
  - 89cf98a14b38
  - 9c9e6b7d7286
  - a88d64fca73e
  - cef06e59b345
  - d33fbe0e2c37
  - e4bde84c3ade
  tool_panel_section_label: QIIME 2
- name: qiime2__vsearch__fastq_stats
  owner: q2d2
  revisions:
  - 4262dab8e060
  - 55e1a7184edd
  - 627decf9330a
  - 6acd7854064f
  - 826f1e13fbd1
  - b770f74843a4
  - e1035800aad8
  tool_panel_section_label: QIIME 2
- name: qiime2__vsearch__merge_pairs
  owner: q2d2
  revisions:
  - 02137c034346
  - 421396209ac3
  - 4756c43a7181
  - 826db2fbad95
  - b26cb5419c39
  - e20076e29510
  - f455181d916d
  tool_panel_section_label: QIIME 2
- name: qiime2__vsearch__uchime_denovo
  owner: q2d2
  revisions:
  - 10cd4c4fdaa7
  - 2ecd644cdfcf
  - 37c6c368acdd
  - 40ea1722fbab
  - a02a20641fb6
  - c328a49a8ebf
  - e74ca9ba4da5
  tool_panel_section_label: QIIME 2
- name: qiime2__vsearch__uchime_ref
  owner: q2d2
  revisions:
  - 74b478765f80
  - 7baf77299428
  - 7d815e8ec62f
  - 7dbbd990440e
  - b1a6337f9f18
  - c6f9527d0b47
  - f13c03b34e2d
  tool_panel_section_label: QIIME 2
- name: qiime2_core__tools__export
  owner: q2d2
  revisions:
  - 37e37518cad1
  - 40bcc0e139fa
  - 61fb1a11e004
  - 6d6617a57925
  - d3b1853c4efd
  - f47ed6c69f5d
  - f83fcc984626
  tool_panel_section_label: QIIME 2
- name: qiime2_core__tools__import
  owner: q2d2
  revisions:
  - 10447a4b0cc3
  - 52a1f79f0941
  - 5d9a36073ed6
  - 65ea76686e11
  - 8a0db69428c7
  - b2c99f2353b6
  - f9e68fa06585
  tool_panel_section_label: QIIME 2
- name: qiime2_core__tools__import_fastq
  owner: q2d2
  revisions:
  - 081cc6ccab92
  - 0bd8b25a5bfb
  - 1c3937219d27
  - 241bed7043bd
  tool_panel_section_label: QIIME 2
